{
  "version": 4,
  "terraform_version": "1.5.2",
  "serial": 168,
  "lineage": "8f3f6617-816e-530c-3eba-dce3e56dbba3",
  "outputs": {},
  "resources": [
    {
      "mode": "data",
      "type": "aws_acm_certificate",
      "name": "argo",
      "provider": "provider[\"registry.terraform.io/hashicorp/aws\"]",
      "instances": [
        {
          "schema_version": 0,
          "attributes": {
            "arn": "arn:aws:acm:us-west-1:405632504902:certificate/6ce3b9c0-3df6-4509-82e5-8925486e13bd",
            "certificate": "-----BEGIN CERTIFICATE-----\nMIIF1zCCBL+gAwIBAgIQBivp9ZPqL6T59kbURh3Z4TANBgkqhkiG9w0BAQsFADA8\nMQswCQYDVQQGEwJVUzEPMA0GA1UEChMGQW1hem9uMRwwGgYDVQQDExNBbWF6b24g\nUlNBIDIwNDggTTAyMB4XDTIzMDcyMzAwMDAwMFoXDTI0MDgyMDIzNTk1OVowGDEW\nMBQGA1UEAxMNam1zYW11ZGlvLmNvbTCCASIwDQYJKoZIhvcNAQEBBQADggEPADCC\nAQoCggEBALagJm0lm0hU4UVm9XDBt0vz3Aiyd3q+OXYSsuCUXLgQNcJM8qiYOkyu\nycrC8HTR1i2BLZRWKWVBLpR73BXgaRdmEFHmKztAxaH/q3FpolsTO8hdGjpiNxn7\nEXyU9y+cGbfZiiJ5Fr9sGDUm21z5gvs13Lw7z0JjpVucx6DHtJLcDHqJRYf0C96L\nKGlsgaxGe4u45Z7H2BJemX36VTuqwdb0d9j4gyCu3/QxVM5taNNKspbPhSZfSLqY\nbgrWV02ZPDbCynWTBaqcAPhdHBWpAQ9fcsnmTr5Y94/Zne6JEUWr15zATasiwHNh\nMTE8+zw8H0o03D8PfenuD+9iLYFMyQMCAwEAAaOCAvcwggLzMB8GA1UdIwQYMBaA\nFMAxUs1aUMOCfHRxzsvpnPl664LiMB0GA1UdDgQWBBSpKI3k8J4l/BhTfRePTPZJ\nPlugxDApBgNVHREEIjAggg1qbXNhbXVkaW8uY29tgg8qLmptc2FtdWRpby5jb20w\nDgYDVR0PAQH/BAQDAgWgMB0GA1UdJQQWMBQGCCsGAQUFBwMBBggrBgEFBQcDAjA7\nBgNVHR8ENDAyMDCgLqAshipodHRwOi8vY3JsLnIybTAyLmFtYXpvbnRydXN0LmNv\nbS9yMm0wMi5jcmwwEwYDVR0gBAwwCjAIBgZngQwBAgEwdQYIKwYBBQUHAQEEaTBn\nMC0GCCsGAQUFBzABhiFodHRwOi8vb2NzcC5yMm0wMi5hbWF6b250cnVzdC5jb20w\nNgYIKwYBBQUHMAKGKmh0dHA6Ly9jcnQucjJtMDIuYW1hem9udHJ1c3QuY29tL3Iy\nbTAyLmNlcjAMBgNVHRMBAf8EAjAAMIIBfgYKKwYBBAHWeQIEAgSCAW4EggFqAWgA\ndgDuzdBk1dsazsVct520zROiModGfLzs3sNRSFlGcR+1mwAAAYmE3cBFAAAEAwBH\nMEUCIBiUBYyt/rTSwSyV3j7W0yx2Icd4lVbFi+f2/PX1AnT2AiEAs3+n0iFQv5yy\nLc7fyR77SSP6ARI325nsuUMmG9foiIUAdgBIsONr2qZHNA/lagL6nTDrHFIBy1bd\nLIHZu7+rOdiEcwAAAYmE3cAwAAAEAwBHMEUCIH1uhkbTrOAX9Q62l0HK8bVqFlWV\nj56d0SgbqaexzqFIAiEAjl9OHXoK7B7tApC/UgdGI1DR3VdefpkJmtZh0qCDfl4A\ndgDatr9rP7W2Ip+bwrtca+hwkXFsu1GEhTS9pD0wSNf7qwAAAYmE3cA8AAAEAwBH\nMEUCIFlyaqRl90ODqDRLCzHUWeaOlk4q5dR+WIT+j8fC0wfdAiEA+V2hMxc7ZqOI\nzrbcob1PLTNwUoq+nHWP1RbKsOP6YwYwDQYJKoZIhvcNAQELBQADggEBAATDyg5Q\nqcwbiiMX5GCsM8HPSetOP1C58wulSCUhSgmSYV6Gzbz/p5Ed/56i7L2uh4F0zhv3\naRzlmGjE6Viqht1ljBB7Ecyvmyg6qIYop/ySKFP4FycA1u+ozSd51b49WvPSt0mY\nX4pPE2+nbCP+ewL8ysTWpW9nkvPfFFbUbMOh1kmGHM42fcszf/UrxtIkrodquwQT\nFmazNFFmSQ4Gdp/shPdBJ0EX6Jx5WRkOl2KRAeVhleNkrgtytS6rFwQKdzQP4JK2\nKTCA27kWeGbcL+9mw9+HuMsBhYEg40MaiffTboIyL1iK/+DRt9zFtbGEjYYDYX1g\n0sG8i5rG8qOXwcQ=\n-----END CERTIFICATE-----\n",
            "certificate_chain": "-----BEGIN CERTIFICATE-----\nMIIEXjCCA0agAwIBAgITB3MSSkvL1E7HtTvq8ZSELToPoTANBgkqhkiG9w0BAQsF\nADA5MQswCQYDVQQGEwJVUzEPMA0GA1UEChMGQW1hem9uMRkwFwYDVQQDExBBbWF6\nb24gUm9vdCBDQSAxMB4XDTIyMDgyMzIyMjUzMFoXDTMwMDgyMzIyMjUzMFowPDEL\nMAkGA1UEBhMCVVMxDzANBgNVBAoTBkFtYXpvbjEcMBoGA1UEAxMTQW1hem9uIFJT\nQSAyMDQ4IE0wMjCCASIwDQYJKoZIhvcNAQEBBQADggEPADCCAQoCggEBALtDGMZa\nqHneKei1by6+pUPPLljTB143Si6VpEWPc6mSkFhZb/6qrkZyoHlQLbDYnI2D7hD0\nsdzEqfnuAjIsuXQLG3A8TvX6V3oFNBFVe8NlLJHvBseKY88saLwufxkZVwk74g4n\nWlNMXzla9Y5F3wwRHwMVH443xGz6UtGSZSqQ94eFx5X7Tlqt8whi8qCaKdZ5rNak\n+r9nUThOeClqFd4oXych//Rc7Y0eX1KNWHYSI1Nk31mYgiK3JvH063g+K9tHA63Z\neTgKgndlh+WI+zv7i44HepRZjA1FYwYZ9Vv/9UkC5Yz8/yU65fgjaE+wVHM4e/Yy\nC2osrPWE7gJ+dXMCAwEAAaOCAVowggFWMBIGA1UdEwEB/wQIMAYBAf8CAQAwDgYD\nVR0PAQH/BAQDAgGGMB0GA1UdJQQWMBQGCCsGAQUFBwMBBggrBgEFBQcDAjAdBgNV\nHQ4EFgQUwDFSzVpQw4J8dHHOy+mc+XrrguIwHwYDVR0jBBgwFoAUhBjMhTTsvAyU\nlC4IWZzHshBOCggwewYIKwYBBQUHAQEEbzBtMC8GCCsGAQUFBzABhiNodHRwOi8v\nb2NzcC5yb290Y2ExLmFtYXpvbnRydXN0LmNvbTA6BggrBgEFBQcwAoYuaHR0cDov\nL2NydC5yb290Y2ExLmFtYXpvbnRydXN0LmNvbS9yb290Y2ExLmNlcjA/BgNVHR8E\nODA2MDSgMqAwhi5odHRwOi8vY3JsLnJvb3RjYTEuYW1hem9udHJ1c3QuY29tL3Jv\nb3RjYTEuY3JsMBMGA1UdIAQMMAowCAYGZ4EMAQIBMA0GCSqGSIb3DQEBCwUAA4IB\nAQAtTi6Fs0Azfi+iwm7jrz+CSxHH+uHl7Law3MQSXVtR8RV53PtR6r/6gNpqlzdo\nZq4FKbADi1v9Bun8RY8D51uedRfjsbeodizeBB8nXmeyD33Ep7VATj4ozcd31YFV\nfgRhvTSxNrrTlNpWkUk0m3BMPv8sg381HhA6uEYokE5q9uws/3YkKqRiEz3TsaWm\nJqIRZhMbgAfp7O7FUwFIb7UIspogZSKxPIWJpxiPo3TcBambbVtQOcNRWz5qCQdD\nslI2yayq0n2TXoHyNCLEH8rpsJRVILFsg0jc7BaFrMnF462+ajSehgj12IidNeRN\n4zl+EoNaWdpnWndvSpAEkq2P\n-----END CERTIFICATE-----\n-----BEGIN CERTIFICATE-----\nMIIEkjCCA3qgAwIBAgITBn+USionzfP6wq4rAfkI7rnExjANBgkqhkiG9w0BAQsF\nADCBmDELMAkGA1UEBhMCVVMxEDAOBgNVBAgTB0FyaXpvbmExEzARBgNVBAcTClNj\nb3R0c2RhbGUxJTAjBgNVBAoTHFN0YXJmaWVsZCBUZWNobm9sb2dpZXMsIEluYy4x\nOzA5BgNVBAMTMlN0YXJmaWVsZCBTZXJ2aWNlcyBSb290IENlcnRpZmljYXRlIEF1\ndGhvcml0eSAtIEcyMB4XDTE1MDUyNTEyMDAwMFoXDTM3MTIzMTAxMDAwMFowOTEL\nMAkGA1UEBhMCVVMxDzANBgNVBAoTBkFtYXpvbjEZMBcGA1UEAxMQQW1hem9uIFJv\nb3QgQ0EgMTCCASIwDQYJKoZIhvcNAQEBBQADggEPADCCAQoCggEBALJ4gHHKeNXj\nca9HgFB0fW7Y14h29Jlo91ghYPl0hAEvrAIthtOgQ3pOsqTQNroBvo3bSMgHFzZM\n9O6II8c+6zf1tRn4SWiw3te5djgdYZ6k/oI2peVKVuRF4fn9tBb6dNqcmzU5L/qw\nIFAGbHrQgLKm+a/sRxmPUDgH3KKHOVj4utWp+UhnMJbulHheb4mjUcAwhmahRWa6\nVOujw5H5SNz/0egwLX0tdHA114gk957EWW67c4cX8jJGKLhD+rcdqsq08p8kDi1L\n93FcXmn/6pUCyziKrlA4b9v7LWIbxcceVOF34GfID5yHI9Y/QCB/IIDEgEw+OyQm\njgSubJrIqg0CAwEAAaOCATEwggEtMA8GA1UdEwEB/wQFMAMBAf8wDgYDVR0PAQH/\nBAQDAgGGMB0GA1UdDgQWBBSEGMyFNOy8DJSULghZnMeyEE4KCDAfBgNVHSMEGDAW\ngBScXwDfqgHXMCs4iKK4bUqc8hGRgzB4BggrBgEFBQcBAQRsMGowLgYIKwYBBQUH\nMAGGImh0dHA6Ly9vY3NwLnJvb3RnMi5hbWF6b250cnVzdC5jb20wOAYIKwYBBQUH\nMAKGLGh0dHA6Ly9jcnQucm9vdGcyLmFtYXpvbnRydXN0LmNvbS9yb290ZzIuY2Vy\nMD0GA1UdHwQ2MDQwMqAwoC6GLGh0dHA6Ly9jcmwucm9vdGcyLmFtYXpvbnRydXN0\nLmNvbS9yb290ZzIuY3JsMBEGA1UdIAQKMAgwBgYEVR0gADANBgkqhkiG9w0BAQsF\nAAOCAQEAYjdCXLwQtT6LLOkMm2xF4gcAevnFWAu5CIw+7bMlPLVvUOTNNWqnkzSW\nMiGpSESrnO09tKpzbeR/FoCJbM8oAxiDR3mjEH4wW6w7sGDgd9QIpuEdfF7Au/ma\neyKdpwAJfqxGF4PcnCZXmTA5YpaP7dreqsXMGz7KQ2hsVxa81Q4gLv7/wmpdLqBK\nbRRYh5TmOTFffHPLkIhqhBGWJ6bt2YFGpn6jcgAKUj6DiAdjd4lpFw85hdKrCEVN\n0FE6/V1dN2RMfjCyVSRCnTawXZwXgWHxyvkQAiSr6w10kY17RSlQOYiypok1JR4U\nakcjMS9cmvqtmg5iUaQqqcT5NJ0hGA==\n-----END CERTIFICATE-----\n-----BEGIN CERTIFICATE-----\nMIIEdTCCA12gAwIBAgIJAKcOSkw0grd/MA0GCSqGSIb3DQEBCwUAMGgxCzAJBgNV\nBAYTAlVTMSUwIwYDVQQKExxTdGFyZmllbGQgVGVjaG5vbG9naWVzLCBJbmMuMTIw\nMAYDVQQLEylTdGFyZmllbGQgQ2xhc3MgMiBDZXJ0aWZpY2F0aW9uIEF1dGhvcml0\neTAeFw0wOTA5MDIwMDAwMDBaFw0zNDA2MjgxNzM5MTZaMIGYMQswCQYDVQQGEwJV\nUzEQMA4GA1UECBMHQXJpem9uYTETMBEGA1UEBxMKU2NvdHRzZGFsZTElMCMGA1UE\nChMcU3RhcmZpZWxkIFRlY2hub2xvZ2llcywgSW5jLjE7MDkGA1UEAxMyU3RhcmZp\nZWxkIFNlcnZpY2VzIFJvb3QgQ2VydGlmaWNhdGUgQXV0aG9yaXR5IC0gRzIwggEi\nMA0GCSqGSIb3DQEBAQUAA4IBDwAwggEKAoIBAQDVDDrEKvlO4vW+GZdfjohTsR8/\ny8+fIBNtKTrID30892t2OGPZNmCom15cAICyL1l/9of5JUOG52kbUpqQ4XHj2C0N\nTm/2yEnZtvMaVq4rtnQU68/7JuMauh2WLmo7WJSJR1b/JaCTcFOD2oR0FMNnngRo\nOt+OQFodSk7PQ5E751bWAHDLUu57fa4657wx+UX2wmDPE1kCK4DMNEffud6QZW0C\nzyyRpqbn3oUYSXxmTqM6bam17jQuug0DuDPfR+uxa40l2ZvOgdFFRjKWcIfeAg5J\nQ4W2bHO7ZOphQazJ1FTfhy/HIrImzJ9ZVGif/L4qL8RVHHVAYBeFAlU5i38FAgMB\nAAGjgfAwge0wDwYDVR0TAQH/BAUwAwEB/zAOBgNVHQ8BAf8EBAMCAYYwHQYDVR0O\nBBYEFJxfAN+qAdcwKziIorhtSpzyEZGDMB8GA1UdIwQYMBaAFL9ft9HO3R+G9FtV\nrNzXEMIOqYjnME8GCCsGAQUFBwEBBEMwQTAcBggrBgEFBQcwAYYQaHR0cDovL28u\nc3MyLnVzLzAhBggrBgEFBQcwAoYVaHR0cDovL3guc3MyLnVzL3guY2VyMCYGA1Ud\nHwQfMB0wG6AZoBeGFWh0dHA6Ly9zLnNzMi51cy9yLmNybDARBgNVHSAECjAIMAYG\nBFUdIAAwDQYJKoZIhvcNAQELBQADggEBACMd44pXyn3pF3lM8R5V/cxTbj5HD9/G\nVfKyBDbtgB9TxF00KGu+x1X8Z+rLP3+QsjPNG1gQggL4+C/1E2DUBc7xgQjB3ad1\nl08YuW3e95ORCLp+QCztweq7dp4zBncdDQh/U90bZKuCJ/Fp1U1ervShw3WnWEQt\n8jxwmKy6abaVd38PMV4s/KCHOkdp8Hlf9BRUpJVeEXgSYCfOn8J3/yNTd126/+pZ\n59vPr5KW7ySaNRB6nJHGDn2Z9j8Z3/VyVOEVqQdZe4O/Ui5GjLIAZHYcSNPYeehu\nVsyuLAOQ1xk4meTKCRlb/weWsKh/NEnfVqn3sF/tM+2MR7cwA130A4w=\n-----END CERTIFICATE-----\n",
            "domain": "jmsamudio.com",
            "id": "arn:aws:acm:us-west-1:405632504902:certificate/6ce3b9c0-3df6-4509-82e5-8925486e13bd",
            "key_types": null,
            "most_recent": false,
            "status": "ISSUED",
            "statuses": [
              "ISSUED"
            ],
            "tags": {},
            "types": null
          },
          "sensitive_attributes": []
        }
      ]
    },
    {
      "mode": "data",
      "type": "aws_caller_identity",
      "name": "current",
      "provider": "provider[\"registry.terraform.io/hashicorp/aws\"]",
      "instances": [
        {
          "schema_version": 0,
          "attributes": {
            "account_id": "405632504902",
            "arn": "arn:aws:iam::405632504902:root",
            "id": "405632504902",
            "user_id": "405632504902"
          },
          "sensitive_attributes": []
        }
      ]
    },
    {
      "mode": "data",
      "type": "aws_eks_cluster",
      "name": "cluster",
      "provider": "provider[\"registry.terraform.io/hashicorp/aws\"]",
      "instances": [
        {
          "schema_version": 0,
          "attributes": {
            "arn": "arn:aws:eks:us-west-1:405632504902:cluster/production",
            "certificate_authority": [
              {
                "data": "LS0tLS1CRUdJTiBDRVJUSUZJQ0FURS0tLS0tCk1JSUMvakNDQWVhZ0F3SUJBZ0lCQURBTkJna3Foa2lHOXcwQkFRc0ZBREFWTVJNd0VRWURWUVFERXdwcmRXSmwKY201bGRHVnpNQjRYRFRJek1EY3lNekl5TlRBME5Wb1hEVE16TURjeU1ESXlOVEEwTlZvd0ZURVRNQkVHQTFVRQpBeE1LYTNWaVpYSnVaWFJsY3pDQ0FTSXdEUVlKS29aSWh2Y05BUUVCQlFBRGdnRVBBRENDQVFvQ2dnRUJBTnppCm9qMElmUDF5SXppQlBhMjZDREpEOXd5VWZFT1V1dkFxWFJHcnhjd0E4cTJ6dU82Q3Z3bjZUTmtBbUY3YUhZSmYKMDB6ZTVCcEtYZ09NODB0KzcxK1NxOU5ON2h2UTRXeEpqZUVaakpIUDd0b0xvQndjVDZzLzg2cXVaVGZlS2wzMwpVRFRYTHdlM21lVVIxZzZDd3FuaGRNdHM2NThFd2lnQ1grQ3daaHcxYnBqbEVyYjNCNlk1VzhEc3VBZU9GdFJXCmpNa1ZlRkNBRTJiSDVMQ3ZScERrdnJVMkF2SVpCaWlqUE1hUUJZK0xjeWU1RmtsSWhOTkU4L24yUkpzOXFzNUkKaGlyWlpQSkJlcEpzWjBrNFo2Q1hMK0phN1NtVVJDOEhvc0JBY3ZaeFBUSlgxQ2MyaHNwVEJNU3Mvc1E1SjlyagptSHpCcksvK0JGaEI5cVFjb1QwQ0F3RUFBYU5aTUZjd0RnWURWUjBQQVFIL0JBUURBZ0trTUE4R0ExVWRFd0VCCi93UUZNQU1CQWY4d0hRWURWUjBPQkJZRUZGNFhRbHc1VVBzdzYzUTdnaSt4djBPaGdRbW1NQlVHQTFVZEVRUU8KTUF5Q0NtdDFZbVZ5Ym1WMFpYTXdEUVlKS29aSWh2Y05BUUVMQlFBRGdnRUJBSjhUM2ZLbXZxTmtjNXhGZE1pKwp3SmRVMHFQL011TFp2ZDZxVGJiOWlMSUZKKy9WOEdlbllpellEeE1Bd0huZ1h2TWZHUmlNTGYvaVBJMkh6WDdZCjdDdVc2ODBXendaVm1MQmhRZjlBaWsza0hJQVZreWRmK3p1M3J5U3lTdkNBS01sMVpGUE1aajlCaWtBQUE4V0QKNzNhSnplN2pEZWloVDZmZVFpMlR4c2xNQmt1QkhNcGdnbE5XSk14blV6QkQ3OUhSaGdYUTI0Y2pyU3g4UXEvdApNaDJBUU9LbVFXRUtlVUMxLzIyTVB0Rk8vZUhIVGxSNHZoYXhuNmR3R0xwSnlFNTJyUWxEWjhHN0lBeHpRdmZyCjFBaC8vUEVJOFRiczluMjRveUluQVlmVG5uN0YyQVU2NExvOGJIbm1OYkF2WlhaR21yUGJjV24yOTMwMzlKL2oKaEdFPQotLS0tLUVORCBDRVJUSUZJQ0FURS0tLS0tCg=="
              }
            ],
            "cluster_id": null,
            "created_at": "2023-07-23 22:46:12.43 +0000 UTC",
            "enabled_cluster_log_types": [
              "api",
              "audit",
              "authenticator"
            ],
            "endpoint": "https://CB81C854F625A60AEE3B50E471D14C7C.gr7.us-west-1.eks.amazonaws.com",
            "id": "production",
            "identity": [
              {
                "oidc": [
                  {
                    "issuer": "https://oidc.eks.us-west-1.amazonaws.com/id/CB81C854F625A60AEE3B50E471D14C7C"
                  }
                ]
              }
            ],
            "kubernetes_network_config": [
              {
                "ip_family": "ipv4",
                "service_ipv4_cidr": "172.20.0.0/16",
                "service_ipv6_cidr": ""
              }
            ],
            "name": "production",
            "outpost_config": [],
            "platform_version": "eks.3",
            "role_arn": "arn:aws:iam::405632504902:role/production-cluster-20230723224537598800000004",
            "status": "ACTIVE",
            "tags": {},
            "version": "1.27",
            "vpc_config": [
              {
                "cluster_security_group_id": "sg-0bfd072be0181bb1e",
                "endpoint_private_access": true,
                "endpoint_public_access": true,
                "public_access_cidrs": [
                  "0.0.0.0/0"
                ],
                "security_group_ids": [
                  "sg-09c516f15cc696d78"
                ],
                "subnet_ids": [
                  "subnet-04c470a873626f6c6",
                  "subnet-08c205c94e994ad77"
                ],
                "vpc_id": "vpc-044899f1ac4045433"
              }
            ]
          },
          "sensitive_attributes": []
        }
      ]
    },
    {
      "mode": "managed",
      "type": "aws_iam_policy",
      "name": "worker_policy",
      "provider": "provider[\"registry.terraform.io/hashicorp/aws\"]",
      "instances": [
        {
          "schema_version": 0,
          "attributes": {
            "arn": "arn:aws:iam::405632504902:policy/worker-policy-production",
            "description": "Worker policy for the ALB Ingress",
            "id": "arn:aws:iam::405632504902:policy/worker-policy-production",
            "name": "worker-policy-production",
            "name_prefix": "",
            "path": "/",
            "policy": "{\"Statement\":[{\"Action\":[\"iam:CreateServiceLinkedRole\"],\"Condition\":{\"StringEquals\":{\"iam:AWSServiceName\":\"elasticloadbalancing.amazonaws.com\"}},\"Effect\":\"Allow\",\"Resource\":\"*\"},{\"Action\":[\"ec2:DescribeAccountAttributes\",\"ec2:DescribeAddresses\",\"ec2:DescribeAvailabilityZones\",\"ec2:DescribeInternetGateways\",\"ec2:DescribeVpcs\",\"ec2:DescribeVpcPeeringConnections\",\"ec2:DescribeSubnets\",\"ec2:DescribeSecurityGroups\",\"ec2:DescribeInstances\",\"ec2:DescribeNetworkInterfaces\",\"ec2:DescribeTags\",\"ec2:GetCoipPoolUsage\",\"ec2:DescribeCoipPools\",\"elasticloadbalancing:DescribeLoadBalancers\",\"elasticloadbalancing:DescribeLoadBalancerAttributes\",\"elasticloadbalancing:DescribeListeners\",\"elasticloadbalancing:DescribeListenerCertificates\",\"elasticloadbalancing:DescribeSSLPolicies\",\"elasticloadbalancing:DescribeRules\",\"elasticloadbalancing:DescribeTargetGroups\",\"elasticloadbalancing:DescribeTargetGroupAttributes\",\"elasticloadbalancing:DescribeTargetHealth\",\"elasticloadbalancing:DescribeTags\"],\"Effect\":\"Allow\",\"Resource\":\"*\"},{\"Action\":[\"cognito-idp:DescribeUserPoolClient\",\"acm:ListCertificates\",\"acm:DescribeCertificate\",\"iam:ListServerCertificates\",\"iam:GetServerCertificate\",\"waf-regional:GetWebACL\",\"waf-regional:GetWebACLForResource\",\"waf-regional:AssociateWebACL\",\"waf-regional:DisassociateWebACL\",\"wafv2:GetWebACL\",\"wafv2:GetWebACLForResource\",\"wafv2:AssociateWebACL\",\"wafv2:DisassociateWebACL\",\"shield:GetSubscriptionState\",\"shield:DescribeProtection\",\"shield:CreateProtection\",\"shield:DeleteProtection\"],\"Effect\":\"Allow\",\"Resource\":\"*\"},{\"Action\":[\"ec2:AuthorizeSecurityGroupIngress\",\"ec2:RevokeSecurityGroupIngress\"],\"Effect\":\"Allow\",\"Resource\":\"*\"},{\"Action\":[\"ec2:CreateSecurityGroup\"],\"Effect\":\"Allow\",\"Resource\":\"*\"},{\"Action\":[\"ec2:CreateTags\"],\"Condition\":{\"Null\":{\"aws:RequestTag/elbv2.k8s.aws/cluster\":\"false\"},\"StringEquals\":{\"ec2:CreateAction\":\"CreateSecurityGroup\"}},\"Effect\":\"Allow\",\"Resource\":\"arn:aws:ec2:*:*:security-group/*\"},{\"Action\":[\"ec2:CreateTags\",\"ec2:DeleteTags\"],\"Condition\":{\"Null\":{\"aws:RequestTag/elbv2.k8s.aws/cluster\":\"true\",\"aws:ResourceTag/elbv2.k8s.aws/cluster\":\"false\"}},\"Effect\":\"Allow\",\"Resource\":\"arn:aws:ec2:*:*:security-group/*\"},{\"Action\":[\"ec2:AuthorizeSecurityGroupIngress\",\"ec2:RevokeSecurityGroupIngress\",\"ec2:DeleteSecurityGroup\"],\"Condition\":{\"Null\":{\"aws:ResourceTag/elbv2.k8s.aws/cluster\":\"false\"}},\"Effect\":\"Allow\",\"Resource\":\"*\"},{\"Action\":[\"elasticloadbalancing:CreateLoadBalancer\",\"elasticloadbalancing:CreateTargetGroup\"],\"Condition\":{\"Null\":{\"aws:RequestTag/elbv2.k8s.aws/cluster\":\"false\"}},\"Effect\":\"Allow\",\"Resource\":\"*\"},{\"Action\":[\"elasticloadbalancing:CreateListener\",\"elasticloadbalancing:DeleteListener\",\"elasticloadbalancing:CreateRule\",\"elasticloadbalancing:DeleteRule\"],\"Effect\":\"Allow\",\"Resource\":\"*\"},{\"Action\":[\"elasticloadbalancing:AddTags\",\"elasticloadbalancing:RemoveTags\"],\"Condition\":{\"Null\":{\"aws:RequestTag/elbv2.k8s.aws/cluster\":\"true\",\"aws:ResourceTag/elbv2.k8s.aws/cluster\":\"false\"}},\"Effect\":\"Allow\",\"Resource\":[\"arn:aws:elasticloadbalancing:*:*:targetgroup/*/*\",\"arn:aws:elasticloadbalancing:*:*:loadbalancer/net/*/*\",\"arn:aws:elasticloadbalancing:*:*:loadbalancer/app/*/*\"]},{\"Action\":[\"elasticloadbalancing:AddTags\",\"elasticloadbalancing:RemoveTags\"],\"Effect\":\"Allow\",\"Resource\":[\"arn:aws:elasticloadbalancing:*:*:listener/net/*/*/*\",\"arn:aws:elasticloadbalancing:*:*:listener/app/*/*/*\",\"arn:aws:elasticloadbalancing:*:*:listener-rule/net/*/*/*\",\"arn:aws:elasticloadbalancing:*:*:listener-rule/app/*/*/*\"]},{\"Action\":[\"elasticloadbalancing:AddTags\"],\"Condition\":{\"Null\":{\"aws:RequestTag/elbv2.k8s.aws/cluster\":\"false\"},\"StringEquals\":{\"elasticloadbalancing:CreateAction\":[\"CreateTargetGroup\",\"CreateLoadBalancer\"]}},\"Effect\":\"Allow\",\"Resource\":[\"arn:aws:elasticloadbalancing:*:*:targetgroup/*/*\",\"arn:aws:elasticloadbalancing:*:*:loadbalancer/net/*/*\",\"arn:aws:elasticloadbalancing:*:*:loadbalancer/app/*/*\"]},{\"Action\":[\"elasticloadbalancing:ModifyLoadBalancerAttributes\",\"elasticloadbalancing:SetIpAddressType\",\"elasticloadbalancing:SetSecurityGroups\",\"elasticloadbalancing:SetSubnets\",\"elasticloadbalancing:DeleteLoadBalancer\",\"elasticloadbalancing:ModifyTargetGroup\",\"elasticloadbalancing:ModifyTargetGroupAttributes\",\"elasticloadbalancing:DeleteTargetGroup\"],\"Condition\":{\"Null\":{\"aws:ResourceTag/elbv2.k8s.aws/cluster\":\"false\"}},\"Effect\":\"Allow\",\"Resource\":\"*\"},{\"Action\":[\"elasticloadbalancing:RegisterTargets\",\"elasticloadbalancing:DeregisterTargets\"],\"Effect\":\"Allow\",\"Resource\":\"arn:aws:elasticloadbalancing:*:*:targetgroup/*/*\"},{\"Action\":[\"elasticloadbalancing:SetWebAcl\",\"elasticloadbalancing:ModifyListener\",\"elasticloadbalancing:AddListenerCertificates\",\"elasticloadbalancing:RemoveListenerCertificates\",\"elasticloadbalancing:ModifyRule\"],\"Effect\":\"Allow\",\"Resource\":\"*\"}],\"Version\":\"2012-10-17\"}",
            "policy_id": "ANPAV44MU2RDJF5AQ2RLJ",
            "tags": null,
            "tags_all": {}
          },
          "sensitive_attributes": [],
          "private": "bnVsbA==",
          "dependencies": [
            "module.eks.aws_cloudwatch_log_group.this",
            "module.eks.aws_ec2_tag.cluster_primary_security_group",
            "module.eks.aws_eks_addon.this",
            "module.eks.aws_eks_cluster.this",
            "module.eks.aws_eks_identity_provider_config.this",
            "module.eks.aws_iam_openid_connect_provider.oidc_provider",
            "module.eks.aws_iam_policy.cluster_encryption",
            "module.eks.aws_iam_policy.cni_ipv6_policy",
            "module.eks.aws_iam_role.this",
            "module.eks.aws_iam_role_policy_attachment.cluster_encryption",
            "module.eks.aws_iam_role_policy_attachment.this",
            "module.eks.aws_security_group.cluster",
            "module.eks.aws_security_group.node",
            "module.eks.aws_security_group_rule.cluster",
            "module.eks.aws_security_group_rule.node",
            "module.eks.data.aws_caller_identity.current",
            "module.eks.data.aws_iam_policy_document.assume_role_policy",
            "module.eks.data.aws_iam_policy_document.cni_ipv6_policy",
            "module.eks.data.aws_partition.current",
            "module.eks.data.tls_certificate.this",
            "module.eks.kubernetes_config_map.aws_auth",
            "module.eks.kubernetes_config_map_v1_data.aws_auth",
            "module.eks.module.eks_managed_node_group.aws_eks_node_group.this",
            "module.eks.module.eks_managed_node_group.aws_iam_role.this",
            "module.eks.module.eks_managed_node_group.aws_iam_role_policy_attachment.this",
            "module.eks.module.eks_managed_node_group.aws_launch_template.this",
            "module.eks.module.eks_managed_node_group.aws_security_group.this",
            "module.eks.module.eks_managed_node_group.aws_security_group_rule.this",
            "module.eks.module.eks_managed_node_group.data.aws_caller_identity.current",
            "module.eks.module.eks_managed_node_group.data.aws_iam_policy_document.assume_role_policy",
            "module.eks.module.eks_managed_node_group.data.aws_partition.current",
            "module.eks.module.eks_managed_node_group.module.user_data.data.cloudinit_config.linux_eks_managed_node_group",
            "module.eks.module.fargate_profile.aws_eks_fargate_profile.this",
            "module.eks.module.fargate_profile.aws_iam_role.this",
            "module.eks.module.fargate_profile.aws_iam_role_policy_attachment.this",
            "module.eks.module.fargate_profile.data.aws_caller_identity.current",
            "module.eks.module.fargate_profile.data.aws_iam_policy_document.assume_role_policy",
            "module.eks.module.fargate_profile.data.aws_partition.current",
            "module.eks.module.kms.aws_kms_alias.this",
            "module.eks.module.kms.aws_kms_external_key.this",
            "module.eks.module.kms.aws_kms_grant.this",
            "module.eks.module.kms.aws_kms_key.this",
            "module.eks.module.kms.data.aws_caller_identity.current",
            "module.eks.module.kms.data.aws_iam_policy_document.this",
            "module.eks.module.kms.data.aws_partition.current",
            "module.eks.module.self_managed_node_group.aws_autoscaling_group.this",
            "module.eks.module.self_managed_node_group.aws_autoscaling_schedule.this",
            "module.eks.module.self_managed_node_group.aws_iam_instance_profile.this",
            "module.eks.module.self_managed_node_group.aws_iam_role.this",
            "module.eks.module.self_managed_node_group.aws_iam_role_policy_attachment.this",
            "module.eks.module.self_managed_node_group.aws_launch_template.this",
            "module.eks.module.self_managed_node_group.aws_security_group.this",
            "module.eks.module.self_managed_node_group.aws_security_group_rule.this",
            "module.eks.module.self_managed_node_group.data.aws_ami.eks_default",
            "module.eks.module.self_managed_node_group.data.aws_caller_identity.current",
            "module.eks.module.self_managed_node_group.data.aws_default_tags.current",
            "module.eks.module.self_managed_node_group.data.aws_iam_policy_document.assume_role_policy",
            "module.eks.module.self_managed_node_group.data.aws_partition.current",
            "module.eks.module.self_managed_node_group.module.user_data.data.cloudinit_config.linux_eks_managed_node_group",
            "module.vpc.aws_subnet.private",
            "module.vpc.aws_vpc.this",
            "module.vpc.aws_vpc_ipv4_cidr_block_association.this"
          ]
        }
      ]
    },
    {
      "mode": "managed",
      "type": "aws_iam_role_policy_attachment",
      "name": "additional",
      "provider": "provider[\"registry.terraform.io/hashicorp/aws\"]",
      "instances": [
        {
          "index_key": "green",
          "schema_version": 0,
          "attributes": {
            "id": "green-eks-node-group-20230723224535649100000001-20230723225615712500000014",
            "policy_arn": "arn:aws:iam::405632504902:policy/worker-policy-production",
            "role": "green-eks-node-group-20230723224535649100000001"
          },
          "sensitive_attributes": [],
          "private": "bnVsbA==",
          "dependencies": [
            "aws_iam_policy.worker_policy",
            "module.eks.aws_cloudwatch_log_group.this",
            "module.eks.aws_ec2_tag.cluster_primary_security_group",
            "module.eks.aws_eks_addon.this",
            "module.eks.aws_eks_cluster.this",
            "module.eks.aws_eks_identity_provider_config.this",
            "module.eks.aws_iam_openid_connect_provider.oidc_provider",
            "module.eks.aws_iam_policy.cluster_encryption",
            "module.eks.aws_iam_policy.cni_ipv6_policy",
            "module.eks.aws_iam_role.this",
            "module.eks.aws_iam_role_policy_attachment.cluster_encryption",
            "module.eks.aws_iam_role_policy_attachment.this",
            "module.eks.aws_security_group.cluster",
            "module.eks.aws_security_group.node",
            "module.eks.aws_security_group_rule.cluster",
            "module.eks.aws_security_group_rule.node",
            "module.eks.data.aws_caller_identity.current",
            "module.eks.data.aws_iam_policy_document.assume_role_policy",
            "module.eks.data.aws_iam_policy_document.cni_ipv6_policy",
            "module.eks.data.aws_partition.current",
            "module.eks.data.tls_certificate.this",
            "module.eks.kubernetes_config_map.aws_auth",
            "module.eks.kubernetes_config_map_v1_data.aws_auth",
            "module.eks.module.eks_managed_node_group.aws_eks_node_group.this",
            "module.eks.module.eks_managed_node_group.aws_iam_role.this",
            "module.eks.module.eks_managed_node_group.aws_iam_role_policy_attachment.this",
            "module.eks.module.eks_managed_node_group.aws_launch_template.this",
            "module.eks.module.eks_managed_node_group.aws_security_group.this",
            "module.eks.module.eks_managed_node_group.aws_security_group_rule.this",
            "module.eks.module.eks_managed_node_group.data.aws_caller_identity.current",
            "module.eks.module.eks_managed_node_group.data.aws_iam_policy_document.assume_role_policy",
            "module.eks.module.eks_managed_node_group.data.aws_partition.current",
            "module.eks.module.eks_managed_node_group.module.user_data.data.cloudinit_config.linux_eks_managed_node_group",
            "module.eks.module.fargate_profile.aws_eks_fargate_profile.this",
            "module.eks.module.fargate_profile.aws_iam_role.this",
            "module.eks.module.fargate_profile.aws_iam_role_policy_attachment.this",
            "module.eks.module.fargate_profile.data.aws_caller_identity.current",
            "module.eks.module.fargate_profile.data.aws_iam_policy_document.assume_role_policy",
            "module.eks.module.fargate_profile.data.aws_partition.current",
            "module.eks.module.kms.aws_kms_alias.this",
            "module.eks.module.kms.aws_kms_external_key.this",
            "module.eks.module.kms.aws_kms_grant.this",
            "module.eks.module.kms.aws_kms_key.this",
            "module.eks.module.kms.data.aws_caller_identity.current",
            "module.eks.module.kms.data.aws_iam_policy_document.this",
            "module.eks.module.kms.data.aws_partition.current",
            "module.eks.module.self_managed_node_group.aws_autoscaling_group.this",
            "module.eks.module.self_managed_node_group.aws_autoscaling_schedule.this",
            "module.eks.module.self_managed_node_group.aws_iam_instance_profile.this",
            "module.eks.module.self_managed_node_group.aws_iam_role.this",
            "module.eks.module.self_managed_node_group.aws_iam_role_policy_attachment.this",
            "module.eks.module.self_managed_node_group.aws_launch_template.this",
            "module.eks.module.self_managed_node_group.aws_security_group.this",
            "module.eks.module.self_managed_node_group.aws_security_group_rule.this",
            "module.eks.module.self_managed_node_group.data.aws_ami.eks_default",
            "module.eks.module.self_managed_node_group.data.aws_caller_identity.current",
            "module.eks.module.self_managed_node_group.data.aws_default_tags.current",
            "module.eks.module.self_managed_node_group.data.aws_iam_policy_document.assume_role_policy",
            "module.eks.module.self_managed_node_group.data.aws_partition.current",
            "module.eks.module.self_managed_node_group.module.user_data.data.cloudinit_config.linux_eks_managed_node_group",
            "module.vpc.aws_subnet.private",
            "module.vpc.aws_vpc.this",
            "module.vpc.aws_vpc_ipv4_cidr_block_association.this"
          ]
        }
      ]
    },
    {
      "mode": "managed",
      "type": "helm_release",
      "name": "argocd",
      "provider": "provider[\"registry.terraform.io/hashicorp/helm\"]",
      "instances": [
        {
          "schema_version": 1,
          "attributes": {
            "atomic": false,
            "chart": "argo-cd",
            "cleanup_on_fail": false,
            "create_namespace": true,
            "dependency_update": false,
            "description": null,
            "devel": null,
            "disable_crd_hooks": false,
            "disable_openapi_validation": false,
            "disable_webhooks": false,
            "force_update": false,
            "id": "argocd",
            "keyring": null,
            "lint": false,
            "manifest": null,
            "max_history": 0,
            "metadata": [
              {
                "app_version": "v2.2.5",
                "chart": "argo-cd",
                "name": "argocd",
                "namespace": "argocd",
                "revision": 1,
                "values": "{}",
                "version": "3.35.4"
              }
            ],
            "name": "argocd",
            "namespace": "argocd",
            "pass_credentials": false,
            "postrender": [],
            "recreate_pods": false,
            "render_subchart_notes": true,
            "replace": false,
            "repository": "https://argoproj.github.io/argo-helm",
            "repository_ca_file": null,
            "repository_cert_file": null,
            "repository_key_file": null,
            "repository_password": null,
            "repository_username": null,
            "reset_values": false,
            "reuse_values": false,
            "set": [],
            "set_list": [],
            "set_sensitive": [],
            "skip_crds": false,
            "status": "deployed",
            "timeout": 300,
            "values": null,
            "verify": false,
            "version": "3.35.4",
            "wait": true,
            "wait_for_jobs": false
          },
          "sensitive_attributes": [],
          "private": "eyJzY2hlbWFfdmVyc2lvbiI6IjEifQ==",
          "dependencies": [
            "module.eks.aws_cloudwatch_log_group.this",
            "module.eks.aws_eks_cluster.this",
            "module.eks.aws_iam_role.this",
            "module.eks.aws_iam_role_policy_attachment.this",
            "module.eks.aws_security_group.cluster",
            "module.eks.aws_security_group.node",
            "module.eks.aws_security_group_rule.cluster",
            "module.eks.aws_security_group_rule.node",
            "module.eks.data.aws_iam_policy_document.assume_role_policy",
            "module.eks.data.aws_partition.current",
            "module.eks.module.kms.aws_kms_external_key.this",
            "module.eks.module.kms.aws_kms_key.this",
            "module.vpc.aws_subnet.private",
            "module.vpc.aws_vpc.this",
            "module.vpc.aws_vpc_ipv4_cidr_block_association.this"
          ]
        }
      ]
    },
    {
      "mode": "managed",
      "type": "helm_release",
      "name": "ingress",
      "provider": "provider[\"registry.terraform.io/hashicorp/helm\"]",
      "instances": [
        {
          "schema_version": 1,
          "attributes": {
            "atomic": false,
            "chart": "aws-load-balancer-controller",
            "cleanup_on_fail": false,
            "create_namespace": false,
            "dependency_update": false,
            "description": null,
            "devel": null,
            "disable_crd_hooks": false,
            "disable_openapi_validation": false,
            "disable_webhooks": false,
            "force_update": false,
            "id": "ingress",
            "keyring": null,
            "lint": false,
            "manifest": null,
            "max_history": 0,
            "metadata": [
              {
                "app_version": "v2.4.5",
                "chart": "aws-load-balancer-controller",
                "name": "ingress",
                "namespace": "default",
                "revision": 1,
                "values": "{\"autoDiscoverAwsRegion\":true,\"autoDiscoverAwsVpcID\":true,\"clusterName\":\"production\"}",
                "version": "1.4.6"
              }
            ],
            "name": "ingress",
            "namespace": "default",
            "pass_credentials": false,
            "postrender": [],
            "recreate_pods": false,
            "render_subchart_notes": true,
            "replace": false,
            "repository": "https://aws.github.io/eks-charts",
            "repository_ca_file": null,
            "repository_cert_file": null,
            "repository_key_file": null,
            "repository_password": null,
            "repository_username": null,
            "reset_values": false,
            "reuse_values": false,
            "set": [
              {
                "name": "autoDiscoverAwsRegion",
                "type": "",
                "value": "true"
              },
              {
                "name": "autoDiscoverAwsVpcID",
                "type": "",
                "value": "true"
              },
              {
                "name": "clusterName",
                "type": "",
                "value": "production"
              }
            ],
            "set_list": [],
            "set_sensitive": [],
            "skip_crds": false,
            "status": "deployed",
            "timeout": 300,
            "values": null,
            "verify": false,
            "version": "1.4.6",
            "wait": true,
            "wait_for_jobs": false
          },
          "sensitive_attributes": [],
          "private": "eyJzY2hlbWFfdmVyc2lvbiI6IjEifQ==",
          "dependencies": [
            "module.eks.aws_cloudwatch_log_group.this",
            "module.eks.aws_ec2_tag.cluster_primary_security_group",
            "module.eks.aws_eks_addon.this",
            "module.eks.aws_eks_cluster.this",
            "module.eks.aws_eks_identity_provider_config.this",
            "module.eks.aws_iam_openid_connect_provider.oidc_provider",
            "module.eks.aws_iam_policy.cluster_encryption",
            "module.eks.aws_iam_policy.cni_ipv6_policy",
            "module.eks.aws_iam_role.this",
            "module.eks.aws_iam_role_policy_attachment.cluster_encryption",
            "module.eks.aws_iam_role_policy_attachment.this",
            "module.eks.aws_security_group.cluster",
            "module.eks.aws_security_group.node",
            "module.eks.aws_security_group_rule.cluster",
            "module.eks.aws_security_group_rule.node",
            "module.eks.data.aws_caller_identity.current",
            "module.eks.data.aws_iam_policy_document.assume_role_policy",
            "module.eks.data.aws_iam_policy_document.cni_ipv6_policy",
            "module.eks.data.aws_partition.current",
            "module.eks.data.tls_certificate.this",
            "module.eks.kubernetes_config_map.aws_auth",
            "module.eks.kubernetes_config_map_v1_data.aws_auth",
            "module.eks.module.eks_managed_node_group.aws_eks_node_group.this",
            "module.eks.module.eks_managed_node_group.aws_iam_role.this",
            "module.eks.module.eks_managed_node_group.aws_iam_role_policy_attachment.this",
            "module.eks.module.eks_managed_node_group.aws_launch_template.this",
            "module.eks.module.eks_managed_node_group.aws_security_group.this",
            "module.eks.module.eks_managed_node_group.aws_security_group_rule.this",
            "module.eks.module.eks_managed_node_group.data.aws_caller_identity.current",
            "module.eks.module.eks_managed_node_group.data.aws_iam_policy_document.assume_role_policy",
            "module.eks.module.eks_managed_node_group.data.aws_partition.current",
            "module.eks.module.eks_managed_node_group.module.user_data.data.cloudinit_config.linux_eks_managed_node_group",
            "module.eks.module.fargate_profile.aws_eks_fargate_profile.this",
            "module.eks.module.fargate_profile.aws_iam_role.this",
            "module.eks.module.fargate_profile.aws_iam_role_policy_attachment.this",
            "module.eks.module.fargate_profile.data.aws_caller_identity.current",
            "module.eks.module.fargate_profile.data.aws_iam_policy_document.assume_role_policy",
            "module.eks.module.fargate_profile.data.aws_partition.current",
            "module.eks.module.kms.aws_kms_alias.this",
            "module.eks.module.kms.aws_kms_external_key.this",
            "module.eks.module.kms.aws_kms_grant.this",
            "module.eks.module.kms.aws_kms_key.this",
            "module.eks.module.kms.data.aws_caller_identity.current",
            "module.eks.module.kms.data.aws_iam_policy_document.this",
            "module.eks.module.kms.data.aws_partition.current",
            "module.eks.module.self_managed_node_group.aws_autoscaling_group.this",
            "module.eks.module.self_managed_node_group.aws_autoscaling_schedule.this",
            "module.eks.module.self_managed_node_group.aws_iam_instance_profile.this",
            "module.eks.module.self_managed_node_group.aws_iam_role.this",
            "module.eks.module.self_managed_node_group.aws_iam_role_policy_attachment.this",
            "module.eks.module.self_managed_node_group.aws_launch_template.this",
            "module.eks.module.self_managed_node_group.aws_security_group.this",
            "module.eks.module.self_managed_node_group.aws_security_group_rule.this",
            "module.eks.module.self_managed_node_group.data.aws_ami.eks_default",
            "module.eks.module.self_managed_node_group.data.aws_caller_identity.current",
            "module.eks.module.self_managed_node_group.data.aws_default_tags.current",
            "module.eks.module.self_managed_node_group.data.aws_iam_policy_document.assume_role_policy",
            "module.eks.module.self_managed_node_group.data.aws_partition.current",
            "module.eks.module.self_managed_node_group.module.user_data.data.cloudinit_config.linux_eks_managed_node_group",
            "module.vpc.aws_subnet.private",
            "module.vpc.aws_vpc.this",
            "module.vpc.aws_vpc_ipv4_cidr_block_association.this"
          ]
        }
      ]
    },
    {
      "mode": "managed",
      "type": "kubectl_manifest",
      "name": "argocd-application",
      "provider": "provider[\"registry.terraform.io/gavinbunney/kubectl\"]",
      "instances": [
        {
          "schema_version": 1,
          "attributes": {
            "api_version": "argoproj.io/v1alpha1",
            "apply_only": false,
            "force_conflicts": false,
            "force_new": false,
            "id": "/apis/argoproj.io/v1alpha1/namespaces/argocd/applications/apps-staging",
            "ignore_fields": null,
            "kind": "Application",
            "live_manifest_incluster": "674f9f59ebf22ed8dcab133d93705f4e9a3733bd897e612a471d609698ba74ed",
            "live_uid": "0f5f3111-bc60-4c04-804f-214b18fc8c08",
            "name": "apps-staging",
            "namespace": "argocd",
            "override_namespace": null,
            "sensitive_fields": null,
            "server_side_apply": false,
            "timeouts": null,
            "uid": "0f5f3111-bc60-4c04-804f-214b18fc8c08",
            "validate_schema": true,
            "wait": null,
            "wait_for_rollout": true,
            "yaml_body": "apiVersion: argoproj.io/v1alpha1\nkind: Application\nmetadata:\n  name: apps-staging\n  namespace: argocd\n  finalizers:\n    - resources-finalizer.argocd.argoproj.io\nspec:\n  project: default\n  source:\n    repoURL: https://github.com/JMSamudio/marfeel-app.git\n    targetRevision: main\n    path: enviroments/apps\n  destination: \n    server: https://kubernetes.default.svc\n  syncPolicy:\n    automated:\n      prune: true\n      selfHeal: true\n      allowEmpty: false\n    syncOptions:\n      - Validate=true\n      - CreateNamespace=false\n      - PrunePropagationPolicy=foreground\n      - PruneLast=true\n",
            "yaml_body_parsed": "apiVersion: argoproj.io/v1alpha1\nkind: Application\nmetadata:\n  finalizers:\n  - resources-finalizer.argocd.argoproj.io\n  name: apps-staging\n  namespace: argocd\nspec:\n  destination:\n    server: https://kubernetes.default.svc\n  project: default\n  source:\n    path: enviroments/apps\n    repoURL: https://github.com/JMSamudio/marfeel-app.git\n    targetRevision: main\n  syncPolicy:\n    automated:\n      allowEmpty: false\n      prune: true\n      selfHeal: true\n    syncOptions:\n    - Validate=true\n    - CreateNamespace=false\n    - PrunePropagationPolicy=foreground\n    - PruneLast=true\n",
            "yaml_incluster": "674f9f59ebf22ed8dcab133d93705f4e9a3733bd897e612a471d609698ba74ed"
          },
          "sensitive_attributes": [],
          "private": "eyJlMmJmYjczMC1lY2FhLTExZTYtOGY4OC0zNDM2M2JjN2M0YzAiOnsiY3JlYXRlIjo2MDAwMDAwMDAwMDB9LCJzY2hlbWFfdmVyc2lvbiI6IjEifQ==",
          "dependencies": [
            "module.eks.aws_cloudwatch_log_group.this",
            "module.eks.aws_ec2_tag.cluster_primary_security_group",
            "module.eks.aws_eks_addon.this",
            "module.eks.aws_eks_cluster.this",
            "module.eks.aws_eks_identity_provider_config.this",
            "module.eks.aws_iam_openid_connect_provider.oidc_provider",
            "module.eks.aws_iam_policy.cluster_encryption",
            "module.eks.aws_iam_policy.cni_ipv6_policy",
            "module.eks.aws_iam_role.this",
            "module.eks.aws_iam_role_policy_attachment.cluster_encryption",
            "module.eks.aws_iam_role_policy_attachment.this",
            "module.eks.aws_security_group.cluster",
            "module.eks.aws_security_group.node",
            "module.eks.aws_security_group_rule.cluster",
            "module.eks.aws_security_group_rule.node",
            "module.eks.data.aws_caller_identity.current",
            "module.eks.data.aws_iam_policy_document.assume_role_policy",
            "module.eks.data.aws_iam_policy_document.cni_ipv6_policy",
            "module.eks.data.aws_partition.current",
            "module.eks.data.tls_certificate.this",
            "module.eks.kubernetes_config_map.aws_auth",
            "module.eks.kubernetes_config_map_v1_data.aws_auth",
            "module.eks.module.eks_managed_node_group.aws_eks_node_group.this",
            "module.eks.module.eks_managed_node_group.aws_iam_role.this",
            "module.eks.module.eks_managed_node_group.aws_iam_role_policy_attachment.this",
            "module.eks.module.eks_managed_node_group.aws_launch_template.this",
            "module.eks.module.eks_managed_node_group.aws_security_group.this",
            "module.eks.module.eks_managed_node_group.aws_security_group_rule.this",
            "module.eks.module.eks_managed_node_group.data.aws_caller_identity.current",
            "module.eks.module.eks_managed_node_group.data.aws_iam_policy_document.assume_role_policy",
            "module.eks.module.eks_managed_node_group.data.aws_partition.current",
            "module.eks.module.eks_managed_node_group.module.user_data.data.cloudinit_config.linux_eks_managed_node_group",
            "module.eks.module.fargate_profile.aws_eks_fargate_profile.this",
            "module.eks.module.fargate_profile.aws_iam_role.this",
            "module.eks.module.fargate_profile.aws_iam_role_policy_attachment.this",
            "module.eks.module.fargate_profile.data.aws_caller_identity.current",
            "module.eks.module.fargate_profile.data.aws_iam_policy_document.assume_role_policy",
            "module.eks.module.fargate_profile.data.aws_partition.current",
            "module.eks.module.kms.aws_kms_alias.this",
            "module.eks.module.kms.aws_kms_external_key.this",
            "module.eks.module.kms.aws_kms_grant.this",
            "module.eks.module.kms.aws_kms_key.this",
            "module.eks.module.kms.data.aws_caller_identity.current",
            "module.eks.module.kms.data.aws_iam_policy_document.this",
            "module.eks.module.kms.data.aws_partition.current",
            "module.eks.module.self_managed_node_group.aws_autoscaling_group.this",
            "module.eks.module.self_managed_node_group.aws_autoscaling_schedule.this",
            "module.eks.module.self_managed_node_group.aws_iam_instance_profile.this",
            "module.eks.module.self_managed_node_group.aws_iam_role.this",
            "module.eks.module.self_managed_node_group.aws_iam_role_policy_attachment.this",
            "module.eks.module.self_managed_node_group.aws_launch_template.this",
            "module.eks.module.self_managed_node_group.aws_security_group.this",
            "module.eks.module.self_managed_node_group.aws_security_group_rule.this",
            "module.eks.module.self_managed_node_group.data.aws_ami.eks_default",
            "module.eks.module.self_managed_node_group.data.aws_caller_identity.current",
            "module.eks.module.self_managed_node_group.data.aws_default_tags.current",
            "module.eks.module.self_managed_node_group.data.aws_iam_policy_document.assume_role_policy",
            "module.eks.module.self_managed_node_group.data.aws_partition.current",
            "module.eks.module.self_managed_node_group.module.user_data.data.cloudinit_config.linux_eks_managed_node_group",
            "module.vpc.aws_subnet.private",
            "module.vpc.aws_vpc.this",
            "module.vpc.aws_vpc_ipv4_cidr_block_association.this"
          ]
        }
      ]
    },
    {
      "mode": "managed",
      "type": "kubectl_manifest",
      "name": "argocd-ingress",
      "provider": "provider[\"registry.terraform.io/gavinbunney/kubectl\"]",
      "instances": [
        {
          "schema_version": 1,
          "attributes": {
            "api_version": "networking.k8s.io/v1",
            "apply_only": false,
            "force_conflicts": false,
            "force_new": false,
            "id": "/apis/networking.k8s.io/v1/namespaces/argocd/ingresses/argocd",
            "ignore_fields": null,
            "kind": "Ingress",
            "live_manifest_incluster": "e34652a7bb53bfb6de61d263425da3df59911cdd52f312bd2a180e866c4f1e29",
            "live_uid": "96418a99-31c0-4949-8514-87e19c1f34da",
            "name": "argocd",
            "namespace": "argocd",
            "override_namespace": null,
            "sensitive_fields": null,
            "server_side_apply": false,
            "timeouts": null,
            "uid": "96418a99-31c0-4949-8514-87e19c1f34da",
            "validate_schema": true,
            "wait": null,
            "wait_for_rollout": true,
            "yaml_body": "apiVersion: networking.k8s.io/v1\nkind: Ingress\nmetadata:\n  annotations:\n    alb.ingress.kubernetes.io/group.name: alb-marfeel-production\n    alb.ingress.kubernetes.io/scheme: internet-facing\n    alb.ingress.kubernetes.io/target-type: 'ip'\n    alb.ingress.kubernetes.io/backend-protocol: HTTPS\n    alb.ingress.kubernetes.io/subnets: subnet-07b9c9a26124644f3 , subnet-05d074d387a79bf56\n    # Use this annotation (which must match a service name) to route traffic to HTTP2 backends.\n    alb.ingress.kubernetes.io/conditions.argogrpc: |\n      [{\"field\":\"http-header\",\"httpHeaderConfig\":{\"httpHeaderName\": \"Content-Type\", \"values\":[\"application/grpc\"]}}]\n    alb.ingress.kubernetes.io/listen-ports: '[{\"HTTPS\":443}]'\n    alb.ingress.kubernetes.io/certificate-arn: arn:aws:acm:us-west-1:405632504902:certificate/6ce3b9c0-3df6-4509-82e5-8925486e13bd\n  name: argocd\n  namespace: argocd\n\nspec:\n  ingressClassName: alb\n  rules:\n  - host: argo-production.jmsamudio.com\n    http:\n      paths:\n      - path: /\n        backend:\n          service:\n            name: argogrpc\n            port:\n              number: 443\n        pathType: Prefix\n      - path: /\n        backend:\n          service:\n            name: argocd-server\n            port:\n              number: 443\n        pathType: Prefix\n  tls:\n  - hosts:\n    - argo-production.jmsamudio.com\n",
            "yaml_body_parsed": "apiVersion: networking.k8s.io/v1\nkind: Ingress\nmetadata:\n  annotations:\n    alb.ingress.kubernetes.io/backend-protocol: HTTPS\n    alb.ingress.kubernetes.io/certificate-arn: arn:aws:acm:us-west-1:405632504902:certificate/6ce3b9c0-3df6-4509-82e5-8925486e13bd\n    alb.ingress.kubernetes.io/conditions.argogrpc: |\n      [{\"field\":\"http-header\",\"httpHeaderConfig\":{\"httpHeaderName\": \"Content-Type\", \"values\":[\"application/grpc\"]}}]\n    alb.ingress.kubernetes.io/group.name: alb-marfeel-production\n    alb.ingress.kubernetes.io/listen-ports: '[{\"HTTPS\":443}]'\n    alb.ingress.kubernetes.io/scheme: internet-facing\n    alb.ingress.kubernetes.io/subnets: subnet-07b9c9a26124644f3 , subnet-05d074d387a79bf56\n    alb.ingress.kubernetes.io/target-type: ip\n  name: argocd\n  namespace: argocd\nspec:\n  ingressClassName: alb\n  rules:\n  - host: argo-production.jmsamudio.com\n    http:\n      paths:\n      - backend:\n          service:\n            name: argogrpc\n            port:\n              number: 443\n        path: /\n        pathType: Prefix\n      - backend:\n          service:\n            name: argocd-server\n            port:\n              number: 443\n        path: /\n        pathType: Prefix\n  tls:\n  - hosts:\n    - argo-production.jmsamudio.com\n",
            "yaml_incluster": "e34652a7bb53bfb6de61d263425da3df59911cdd52f312bd2a180e866c4f1e29"
          },
          "sensitive_attributes": [],
          "private": "eyJlMmJmYjczMC1lY2FhLTExZTYtOGY4OC0zNDM2M2JjN2M0YzAiOnsiY3JlYXRlIjo2MDAwMDAwMDAwMDB9LCJzY2hlbWFfdmVyc2lvbiI6IjEifQ==",
          "dependencies": [
            "data.aws_acm_certificate.argo",
            "module.eks.aws_cloudwatch_log_group.this",
            "module.eks.aws_ec2_tag.cluster_primary_security_group",
            "module.eks.aws_eks_addon.this",
            "module.eks.aws_eks_cluster.this",
            "module.eks.aws_eks_identity_provider_config.this",
            "module.eks.aws_iam_openid_connect_provider.oidc_provider",
            "module.eks.aws_iam_policy.cluster_encryption",
            "module.eks.aws_iam_policy.cni_ipv6_policy",
            "module.eks.aws_iam_role.this",
            "module.eks.aws_iam_role_policy_attachment.cluster_encryption",
            "module.eks.aws_iam_role_policy_attachment.this",
            "module.eks.aws_security_group.cluster",
            "module.eks.aws_security_group.node",
            "module.eks.aws_security_group_rule.cluster",
            "module.eks.aws_security_group_rule.node",
            "module.eks.data.aws_caller_identity.current",
            "module.eks.data.aws_iam_policy_document.assume_role_policy",
            "module.eks.data.aws_iam_policy_document.cni_ipv6_policy",
            "module.eks.data.aws_partition.current",
            "module.eks.data.tls_certificate.this",
            "module.eks.kubernetes_config_map.aws_auth",
            "module.eks.kubernetes_config_map_v1_data.aws_auth",
            "module.eks.module.eks_managed_node_group.aws_eks_node_group.this",
            "module.eks.module.eks_managed_node_group.aws_iam_role.this",
            "module.eks.module.eks_managed_node_group.aws_iam_role_policy_attachment.this",
            "module.eks.module.eks_managed_node_group.aws_launch_template.this",
            "module.eks.module.eks_managed_node_group.aws_security_group.this",
            "module.eks.module.eks_managed_node_group.aws_security_group_rule.this",
            "module.eks.module.eks_managed_node_group.data.aws_caller_identity.current",
            "module.eks.module.eks_managed_node_group.data.aws_iam_policy_document.assume_role_policy",
            "module.eks.module.eks_managed_node_group.data.aws_partition.current",
            "module.eks.module.eks_managed_node_group.module.user_data.data.cloudinit_config.linux_eks_managed_node_group",
            "module.eks.module.fargate_profile.aws_eks_fargate_profile.this",
            "module.eks.module.fargate_profile.aws_iam_role.this",
            "module.eks.module.fargate_profile.aws_iam_role_policy_attachment.this",
            "module.eks.module.fargate_profile.data.aws_caller_identity.current",
            "module.eks.module.fargate_profile.data.aws_iam_policy_document.assume_role_policy",
            "module.eks.module.fargate_profile.data.aws_partition.current",
            "module.eks.module.kms.aws_kms_alias.this",
            "module.eks.module.kms.aws_kms_external_key.this",
            "module.eks.module.kms.aws_kms_grant.this",
            "module.eks.module.kms.aws_kms_key.this",
            "module.eks.module.kms.data.aws_caller_identity.current",
            "module.eks.module.kms.data.aws_iam_policy_document.this",
            "module.eks.module.kms.data.aws_partition.current",
            "module.eks.module.self_managed_node_group.aws_autoscaling_group.this",
            "module.eks.module.self_managed_node_group.aws_autoscaling_schedule.this",
            "module.eks.module.self_managed_node_group.aws_iam_instance_profile.this",
            "module.eks.module.self_managed_node_group.aws_iam_role.this",
            "module.eks.module.self_managed_node_group.aws_iam_role_policy_attachment.this",
            "module.eks.module.self_managed_node_group.aws_launch_template.this",
            "module.eks.module.self_managed_node_group.aws_security_group.this",
            "module.eks.module.self_managed_node_group.aws_security_group_rule.this",
            "module.eks.module.self_managed_node_group.data.aws_ami.eks_default",
            "module.eks.module.self_managed_node_group.data.aws_caller_identity.current",
            "module.eks.module.self_managed_node_group.data.aws_default_tags.current",
            "module.eks.module.self_managed_node_group.data.aws_iam_policy_document.assume_role_policy",
            "module.eks.module.self_managed_node_group.data.aws_partition.current",
            "module.eks.module.self_managed_node_group.module.user_data.data.cloudinit_config.linux_eks_managed_node_group",
            "module.vpc.aws_subnet.private",
            "module.vpc.aws_subnet.public",
            "module.vpc.aws_vpc.this",
            "module.vpc.aws_vpc_ipv4_cidr_block_association.this"
          ]
        }
      ]
    },
    {
      "mode": "managed",
      "type": "kubectl_manifest",
      "name": "argocd-service",
      "provider": "provider[\"registry.terraform.io/gavinbunney/kubectl\"]",
      "instances": [
        {
          "schema_version": 1,
          "attributes": {
            "api_version": "v1",
            "apply_only": false,
            "force_conflicts": false,
            "force_new": false,
            "id": "/api/v1/namespaces/argocd/services/argogrpc",
            "ignore_fields": null,
            "kind": "Service",
            "live_manifest_incluster": "79666c37224d4e7ea8b2753ac42c76eee095c4046bd967ffcb34ab276546eab9",
            "live_uid": "2855beda-a6eb-45ce-b65e-c061a8bf37ec",
            "name": "argogrpc",
            "namespace": "argocd",
            "override_namespace": null,
            "sensitive_fields": null,
            "server_side_apply": false,
            "timeouts": null,
            "uid": "2855beda-a6eb-45ce-b65e-c061a8bf37ec",
            "validate_schema": true,
            "wait": null,
            "wait_for_rollout": true,
            "yaml_body": "apiVersion: v1\nkind: Service\nmetadata:\n  annotations:\n    alb.ingress.kubernetes.io/backend-protocol-version: HTTP2 #This tells AWS to send traffic from the ALB using HTTP2. Can use GRPC as well if you want to leverage GRPC specific features\n  labels:\n    app: argogrpc\n  name: argogrpc\n  namespace: argocd\nspec:\n  ports:\n  - name: \"443\"\n    port: 443\n    protocol: TCP\n    targetPort: 8080\n  selector:\n    app.kubernetes.io/name: argocd-server\n  sessionAffinity: None\n  type: NodePort\n",
            "yaml_body_parsed": "apiVersion: v1\nkind: Service\nmetadata:\n  annotations:\n    alb.ingress.kubernetes.io/backend-protocol-version: HTTP2\n  labels:\n    app: argogrpc\n  name: argogrpc\n  namespace: argocd\nspec:\n  ports:\n  - name: \"443\"\n    port: 443\n    protocol: TCP\n    targetPort: 8080\n  selector:\n    app.kubernetes.io/name: argocd-server\n  sessionAffinity: None\n  type: NodePort\n",
            "yaml_incluster": "79666c37224d4e7ea8b2753ac42c76eee095c4046bd967ffcb34ab276546eab9"
          },
          "sensitive_attributes": [],
          "private": "eyJlMmJmYjczMC1lY2FhLTExZTYtOGY4OC0zNDM2M2JjN2M0YzAiOnsiY3JlYXRlIjo2MDAwMDAwMDAwMDB9LCJzY2hlbWFfdmVyc2lvbiI6IjEifQ==",
          "dependencies": [
            "module.eks.aws_cloudwatch_log_group.this",
            "module.eks.aws_ec2_tag.cluster_primary_security_group",
            "module.eks.aws_eks_addon.this",
            "module.eks.aws_eks_cluster.this",
            "module.eks.aws_eks_identity_provider_config.this",
            "module.eks.aws_iam_openid_connect_provider.oidc_provider",
            "module.eks.aws_iam_policy.cluster_encryption",
            "module.eks.aws_iam_policy.cni_ipv6_policy",
            "module.eks.aws_iam_role.this",
            "module.eks.aws_iam_role_policy_attachment.cluster_encryption",
            "module.eks.aws_iam_role_policy_attachment.this",
            "module.eks.aws_security_group.cluster",
            "module.eks.aws_security_group.node",
            "module.eks.aws_security_group_rule.cluster",
            "module.eks.aws_security_group_rule.node",
            "module.eks.data.aws_caller_identity.current",
            "module.eks.data.aws_iam_policy_document.assume_role_policy",
            "module.eks.data.aws_iam_policy_document.cni_ipv6_policy",
            "module.eks.data.aws_partition.current",
            "module.eks.data.tls_certificate.this",
            "module.eks.kubernetes_config_map.aws_auth",
            "module.eks.kubernetes_config_map_v1_data.aws_auth",
            "module.eks.module.eks_managed_node_group.aws_eks_node_group.this",
            "module.eks.module.eks_managed_node_group.aws_iam_role.this",
            "module.eks.module.eks_managed_node_group.aws_iam_role_policy_attachment.this",
            "module.eks.module.eks_managed_node_group.aws_launch_template.this",
            "module.eks.module.eks_managed_node_group.aws_security_group.this",
            "module.eks.module.eks_managed_node_group.aws_security_group_rule.this",
            "module.eks.module.eks_managed_node_group.data.aws_caller_identity.current",
            "module.eks.module.eks_managed_node_group.data.aws_iam_policy_document.assume_role_policy",
            "module.eks.module.eks_managed_node_group.data.aws_partition.current",
            "module.eks.module.eks_managed_node_group.module.user_data.data.cloudinit_config.linux_eks_managed_node_group",
            "module.eks.module.fargate_profile.aws_eks_fargate_profile.this",
            "module.eks.module.fargate_profile.aws_iam_role.this",
            "module.eks.module.fargate_profile.aws_iam_role_policy_attachment.this",
            "module.eks.module.fargate_profile.data.aws_caller_identity.current",
            "module.eks.module.fargate_profile.data.aws_iam_policy_document.assume_role_policy",
            "module.eks.module.fargate_profile.data.aws_partition.current",
            "module.eks.module.kms.aws_kms_alias.this",
            "module.eks.module.kms.aws_kms_external_key.this",
            "module.eks.module.kms.aws_kms_grant.this",
            "module.eks.module.kms.aws_kms_key.this",
            "module.eks.module.kms.data.aws_caller_identity.current",
            "module.eks.module.kms.data.aws_iam_policy_document.this",
            "module.eks.module.kms.data.aws_partition.current",
            "module.eks.module.self_managed_node_group.aws_autoscaling_group.this",
            "module.eks.module.self_managed_node_group.aws_autoscaling_schedule.this",
            "module.eks.module.self_managed_node_group.aws_iam_instance_profile.this",
            "module.eks.module.self_managed_node_group.aws_iam_role.this",
            "module.eks.module.self_managed_node_group.aws_iam_role_policy_attachment.this",
            "module.eks.module.self_managed_node_group.aws_launch_template.this",
            "module.eks.module.self_managed_node_group.aws_security_group.this",
            "module.eks.module.self_managed_node_group.aws_security_group_rule.this",
            "module.eks.module.self_managed_node_group.data.aws_ami.eks_default",
            "module.eks.module.self_managed_node_group.data.aws_caller_identity.current",
            "module.eks.module.self_managed_node_group.data.aws_default_tags.current",
            "module.eks.module.self_managed_node_group.data.aws_iam_policy_document.assume_role_policy",
            "module.eks.module.self_managed_node_group.data.aws_partition.current",
            "module.eks.module.self_managed_node_group.module.user_data.data.cloudinit_config.linux_eks_managed_node_group",
            "module.vpc.aws_subnet.private",
            "module.vpc.aws_vpc.this",
            "module.vpc.aws_vpc_ipv4_cidr_block_association.this"
          ]
        }
      ]
    },
    {
      "module": "module.eks",
      "mode": "data",
      "type": "aws_caller_identity",
      "name": "current",
      "provider": "provider[\"registry.terraform.io/hashicorp/aws\"]",
      "instances": [
        {
          "schema_version": 0,
          "attributes": {
            "account_id": "405632504902",
            "arn": "arn:aws:iam::405632504902:root",
            "id": "405632504902",
            "user_id": "405632504902"
          },
          "sensitive_attributes": []
        }
      ]
    },
    {
      "module": "module.eks",
      "mode": "data",
      "type": "aws_iam_policy_document",
      "name": "assume_role_policy",
      "provider": "provider[\"registry.terraform.io/hashicorp/aws\"]",
      "instances": [
        {
          "index_key": 0,
          "schema_version": 0,
          "attributes": {
            "id": "2764486067",
            "json": "{\n  \"Version\": \"2012-10-17\",\n  \"Statement\": [\n    {\n      \"Sid\": \"EKSClusterAssumeRole\",\n      \"Effect\": \"Allow\",\n      \"Action\": \"sts:AssumeRole\",\n      \"Principal\": {\n        \"Service\": \"eks.amazonaws.com\"\n      }\n    }\n  ]\n}",
            "override_policy_documents": null,
            "policy_id": null,
            "source_policy_documents": null,
            "statement": [
              {
                "actions": [
                  "sts:AssumeRole"
                ],
                "condition": [],
                "effect": "Allow",
                "not_actions": [],
                "not_principals": [],
                "not_resources": [],
                "principals": [
                  {
                    "identifiers": [
                      "eks.amazonaws.com"
                    ],
                    "type": "Service"
                  }
                ],
                "resources": [],
                "sid": "EKSClusterAssumeRole"
              }
            ],
            "version": "2012-10-17"
          },
          "sensitive_attributes": []
        }
      ]
    },
    {
      "module": "module.eks",
      "mode": "data",
      "type": "aws_partition",
      "name": "current",
      "provider": "provider[\"registry.terraform.io/hashicorp/aws\"]",
      "instances": [
        {
          "schema_version": 0,
          "attributes": {
            "dns_suffix": "amazonaws.com",
            "id": "aws",
            "partition": "aws",
            "reverse_dns_prefix": "com.amazonaws"
          },
          "sensitive_attributes": []
        }
      ]
    },
    {
      "module": "module.eks",
      "mode": "data",
      "type": "tls_certificate",
      "name": "this",
      "provider": "provider[\"registry.terraform.io/hashicorp/tls\"]",
      "instances": [
        {
          "index_key": 0,
          "schema_version": 0,
          "attributes": {
            "certificates": [
              {
                "cert_pem": "-----BEGIN CERTIFICATE-----\nMIIEdTCCA12gAwIBAgIJAKcOSkw0grd/MA0GCSqGSIb3DQEBCwUAMGgxCzAJBgNV\nBAYTAlVTMSUwIwYDVQQKExxTdGFyZmllbGQgVGVjaG5vbG9naWVzLCBJbmMuMTIw\nMAYDVQQLEylTdGFyZmllbGQgQ2xhc3MgMiBDZXJ0aWZpY2F0aW9uIEF1dGhvcml0\neTAeFw0wOTA5MDIwMDAwMDBaFw0zNDA2MjgxNzM5MTZaMIGYMQswCQYDVQQGEwJV\nUzEQMA4GA1UECBMHQXJpem9uYTETMBEGA1UEBxMKU2NvdHRzZGFsZTElMCMGA1UE\nChMcU3RhcmZpZWxkIFRlY2hub2xvZ2llcywgSW5jLjE7MDkGA1UEAxMyU3RhcmZp\nZWxkIFNlcnZpY2VzIFJvb3QgQ2VydGlmaWNhdGUgQXV0aG9yaXR5IC0gRzIwggEi\nMA0GCSqGSIb3DQEBAQUAA4IBDwAwggEKAoIBAQDVDDrEKvlO4vW+GZdfjohTsR8/\ny8+fIBNtKTrID30892t2OGPZNmCom15cAICyL1l/9of5JUOG52kbUpqQ4XHj2C0N\nTm/2yEnZtvMaVq4rtnQU68/7JuMauh2WLmo7WJSJR1b/JaCTcFOD2oR0FMNnngRo\nOt+OQFodSk7PQ5E751bWAHDLUu57fa4657wx+UX2wmDPE1kCK4DMNEffud6QZW0C\nzyyRpqbn3oUYSXxmTqM6bam17jQuug0DuDPfR+uxa40l2ZvOgdFFRjKWcIfeAg5J\nQ4W2bHO7ZOphQazJ1FTfhy/HIrImzJ9ZVGif/L4qL8RVHHVAYBeFAlU5i38FAgMB\nAAGjgfAwge0wDwYDVR0TAQH/BAUwAwEB/zAOBgNVHQ8BAf8EBAMCAYYwHQYDVR0O\nBBYEFJxfAN+qAdcwKziIorhtSpzyEZGDMB8GA1UdIwQYMBaAFL9ft9HO3R+G9FtV\nrNzXEMIOqYjnME8GCCsGAQUFBwEBBEMwQTAcBggrBgEFBQcwAYYQaHR0cDovL28u\nc3MyLnVzLzAhBggrBgEFBQcwAoYVaHR0cDovL3guc3MyLnVzL3guY2VyMCYGA1Ud\nHwQfMB0wG6AZoBeGFWh0dHA6Ly9zLnNzMi51cy9yLmNybDARBgNVHSAECjAIMAYG\nBFUdIAAwDQYJKoZIhvcNAQELBQADggEBACMd44pXyn3pF3lM8R5V/cxTbj5HD9/G\nVfKyBDbtgB9TxF00KGu+x1X8Z+rLP3+QsjPNG1gQggL4+C/1E2DUBc7xgQjB3ad1\nl08YuW3e95ORCLp+QCztweq7dp4zBncdDQh/U90bZKuCJ/Fp1U1ervShw3WnWEQt\n8jxwmKy6abaVd38PMV4s/KCHOkdp8Hlf9BRUpJVeEXgSYCfOn8J3/yNTd126/+pZ\n59vPr5KW7ySaNRB6nJHGDn2Z9j8Z3/VyVOEVqQdZe4O/Ui5GjLIAZHYcSNPYeehu\nVsyuLAOQ1xk4meTKCRlb/weWsKh/NEnfVqn3sF/tM+2MR7cwA130A4w=\n-----END CERTIFICATE-----\n",
                "is_ca": true,
                "issuer": "OU=Starfield Class 2 Certification Authority,O=Starfield Technologies\\, Inc.,C=US",
                "not_after": "2034-06-28T17:39:16Z",
                "not_before": "2009-09-02T00:00:00Z",
                "public_key_algorithm": "RSA",
                "serial_number": "12037640545166866303",
                "sha1_fingerprint": "9e99a48a9960b14926bb7f3b02e22da2b0ab7280",
                "signature_algorithm": "SHA256-RSA",
                "subject": "CN=Starfield Services Root Certificate Authority - G2,O=Starfield Technologies\\, Inc.,L=Scottsdale,ST=Arizona,C=US",
                "version": 3
              },
              {
                "cert_pem": "-----BEGIN CERTIFICATE-----\nMIIEkjCCA3qgAwIBAgITBn+USionzfP6wq4rAfkI7rnExjANBgkqhkiG9w0BAQsF\nADCBmDELMAkGA1UEBhMCVVMxEDAOBgNVBAgTB0FyaXpvbmExEzARBgNVBAcTClNj\nb3R0c2RhbGUxJTAjBgNVBAoTHFN0YXJmaWVsZCBUZWNobm9sb2dpZXMsIEluYy4x\nOzA5BgNVBAMTMlN0YXJmaWVsZCBTZXJ2aWNlcyBSb290IENlcnRpZmljYXRlIEF1\ndGhvcml0eSAtIEcyMB4XDTE1MDUyNTEyMDAwMFoXDTM3MTIzMTAxMDAwMFowOTEL\nMAkGA1UEBhMCVVMxDzANBgNVBAoTBkFtYXpvbjEZMBcGA1UEAxMQQW1hem9uIFJv\nb3QgQ0EgMTCCASIwDQYJKoZIhvcNAQEBBQADggEPADCCAQoCggEBALJ4gHHKeNXj\nca9HgFB0fW7Y14h29Jlo91ghYPl0hAEvrAIthtOgQ3pOsqTQNroBvo3bSMgHFzZM\n9O6II8c+6zf1tRn4SWiw3te5djgdYZ6k/oI2peVKVuRF4fn9tBb6dNqcmzU5L/qw\nIFAGbHrQgLKm+a/sRxmPUDgH3KKHOVj4utWp+UhnMJbulHheb4mjUcAwhmahRWa6\nVOujw5H5SNz/0egwLX0tdHA114gk957EWW67c4cX8jJGKLhD+rcdqsq08p8kDi1L\n93FcXmn/6pUCyziKrlA4b9v7LWIbxcceVOF34GfID5yHI9Y/QCB/IIDEgEw+OyQm\njgSubJrIqg0CAwEAAaOCATEwggEtMA8GA1UdEwEB/wQFMAMBAf8wDgYDVR0PAQH/\nBAQDAgGGMB0GA1UdDgQWBBSEGMyFNOy8DJSULghZnMeyEE4KCDAfBgNVHSMEGDAW\ngBScXwDfqgHXMCs4iKK4bUqc8hGRgzB4BggrBgEFBQcBAQRsMGowLgYIKwYBBQUH\nMAGGImh0dHA6Ly9vY3NwLnJvb3RnMi5hbWF6b250cnVzdC5jb20wOAYIKwYBBQUH\nMAKGLGh0dHA6Ly9jcnQucm9vdGcyLmFtYXpvbnRydXN0LmNvbS9yb290ZzIuY2Vy\nMD0GA1UdHwQ2MDQwMqAwoC6GLGh0dHA6Ly9jcmwucm9vdGcyLmFtYXpvbnRydXN0\nLmNvbS9yb290ZzIuY3JsMBEGA1UdIAQKMAgwBgYEVR0gADANBgkqhkiG9w0BAQsF\nAAOCAQEAYjdCXLwQtT6LLOkMm2xF4gcAevnFWAu5CIw+7bMlPLVvUOTNNWqnkzSW\nMiGpSESrnO09tKpzbeR/FoCJbM8oAxiDR3mjEH4wW6w7sGDgd9QIpuEdfF7Au/ma\neyKdpwAJfqxGF4PcnCZXmTA5YpaP7dreqsXMGz7KQ2hsVxa81Q4gLv7/wmpdLqBK\nbRRYh5TmOTFffHPLkIhqhBGWJ6bt2YFGpn6jcgAKUj6DiAdjd4lpFw85hdKrCEVN\n0FE6/V1dN2RMfjCyVSRCnTawXZwXgWHxyvkQAiSr6w10kY17RSlQOYiypok1JR4U\nakcjMS9cmvqtmg5iUaQqqcT5NJ0hGA==\n-----END CERTIFICATE-----\n",
                "is_ca": true,
                "issuer": "CN=Starfield Services Root Certificate Authority - G2,O=Starfield Technologies\\, Inc.,L=Scottsdale,ST=Arizona,C=US",
                "not_after": "2037-12-31T01:00:00Z",
                "not_before": "2015-05-25T12:00:00Z",
                "public_key_algorithm": "RSA",
                "serial_number": "144918191876577076464031512351042010504348870",
                "sha1_fingerprint": "06b25927c42a721631c1efd9431e648fa62e1e39",
                "signature_algorithm": "SHA256-RSA",
                "subject": "CN=Amazon Root CA 1,O=Amazon,C=US",
                "version": 3
              },
              {
                "cert_pem": "-----BEGIN CERTIFICATE-----\nMIIEXjCCA0agAwIBAgITB3MSSkvL1E7HtTvq8ZSELToPoTANBgkqhkiG9w0BAQsF\nADA5MQswCQYDVQQGEwJVUzEPMA0GA1UEChMGQW1hem9uMRkwFwYDVQQDExBBbWF6\nb24gUm9vdCBDQSAxMB4XDTIyMDgyMzIyMjUzMFoXDTMwMDgyMzIyMjUzMFowPDEL\nMAkGA1UEBhMCVVMxDzANBgNVBAoTBkFtYXpvbjEcMBoGA1UEAxMTQW1hem9uIFJT\nQSAyMDQ4IE0wMjCCASIwDQYJKoZIhvcNAQEBBQADggEPADCCAQoCggEBALtDGMZa\nqHneKei1by6+pUPPLljTB143Si6VpEWPc6mSkFhZb/6qrkZyoHlQLbDYnI2D7hD0\nsdzEqfnuAjIsuXQLG3A8TvX6V3oFNBFVe8NlLJHvBseKY88saLwufxkZVwk74g4n\nWlNMXzla9Y5F3wwRHwMVH443xGz6UtGSZSqQ94eFx5X7Tlqt8whi8qCaKdZ5rNak\n+r9nUThOeClqFd4oXych//Rc7Y0eX1KNWHYSI1Nk31mYgiK3JvH063g+K9tHA63Z\neTgKgndlh+WI+zv7i44HepRZjA1FYwYZ9Vv/9UkC5Yz8/yU65fgjaE+wVHM4e/Yy\nC2osrPWE7gJ+dXMCAwEAAaOCAVowggFWMBIGA1UdEwEB/wQIMAYBAf8CAQAwDgYD\nVR0PAQH/BAQDAgGGMB0GA1UdJQQWMBQGCCsGAQUFBwMBBggrBgEFBQcDAjAdBgNV\nHQ4EFgQUwDFSzVpQw4J8dHHOy+mc+XrrguIwHwYDVR0jBBgwFoAUhBjMhTTsvAyU\nlC4IWZzHshBOCggwewYIKwYBBQUHAQEEbzBtMC8GCCsGAQUFBzABhiNodHRwOi8v\nb2NzcC5yb290Y2ExLmFtYXpvbnRydXN0LmNvbTA6BggrBgEFBQcwAoYuaHR0cDov\nL2NydC5yb290Y2ExLmFtYXpvbnRydXN0LmNvbS9yb290Y2ExLmNlcjA/BgNVHR8E\nODA2MDSgMqAwhi5odHRwOi8vY3JsLnJvb3RjYTEuYW1hem9udHJ1c3QuY29tL3Jv\nb3RjYTEuY3JsMBMGA1UdIAQMMAowCAYGZ4EMAQIBMA0GCSqGSIb3DQEBCwUAA4IB\nAQAtTi6Fs0Azfi+iwm7jrz+CSxHH+uHl7Law3MQSXVtR8RV53PtR6r/6gNpqlzdo\nZq4FKbADi1v9Bun8RY8D51uedRfjsbeodizeBB8nXmeyD33Ep7VATj4ozcd31YFV\nfgRhvTSxNrrTlNpWkUk0m3BMPv8sg381HhA6uEYokE5q9uws/3YkKqRiEz3TsaWm\nJqIRZhMbgAfp7O7FUwFIb7UIspogZSKxPIWJpxiPo3TcBambbVtQOcNRWz5qCQdD\nslI2yayq0n2TXoHyNCLEH8rpsJRVILFsg0jc7BaFrMnF462+ajSehgj12IidNeRN\n4zl+EoNaWdpnWndvSpAEkq2P\n-----END CERTIFICATE-----\n",
                "is_ca": true,
                "issuer": "CN=Amazon Root CA 1,O=Amazon,C=US",
                "not_after": "2030-08-23T22:25:30Z",
                "not_before": "2022-08-23T22:25:30Z",
                "public_key_algorithm": "RSA",
                "serial_number": "166129353110899469622597955040406457904926625",
                "sha1_fingerprint": "414a2060b738c635cc7fc243e052615592830c53",
                "signature_algorithm": "SHA256-RSA",
                "subject": "CN=Amazon RSA 2048 M02,O=Amazon,C=US",
                "version": 3
              },
              {
                "cert_pem": "-----BEGIN CERTIFICATE-----\nMIIF6zCCBNOgAwIBAgIQDrVF6HUVf6U4xFQ5cdVoojANBgkqhkiG9w0BAQsFADA8\nMQswCQYDVQQGEwJVUzEPMA0GA1UEChMGQW1hem9uMRwwGgYDVQQDExNBbWF6b24g\nUlNBIDIwNDggTTAyMB4XDTIzMDUyODAwMDAwMFoXDTI0MDYyNTIzNTk1OVowKzEp\nMCcGA1UEAxMgb2lkYy5la3MudXMtd2VzdC0xLmFtYXpvbmF3cy5jb20wggEiMA0G\nCSqGSIb3DQEBAQUAA4IBDwAwggEKAoIBAQDX8tQz7BaVUu/9OyT6DrGN8jjy2yaM\nvFxGHJkcKjmF5pQo638AtSGxzaZlzzjfOCdlqqAjNE71NvS8//WCS+RdxFZjOfpX\nr5QAdeDQoFBbjJYvDaH8exbze7HL52/N8a8qqLvov/Gr4QVQwmHdLld9P7vZ32Wv\nTiaIUkX1JMnfdfriL23cX4Hi/2UzPJwE+7OZO4XQ2WPc1MMQo+XSsi94ivKrzldU\n40Qr/C8+/IWeqP+Gn2AX9RNoDclHR6kRlbjwYr8SH8gaK5u3MkJy2tjJR9ggpLlR\n0HH7YpvfxFRJWcZ75YrY7qyoCLyc6dMB75nb741IdDF/jHTrc8pLZOpjAgMBAAGj\nggL4MIIC9DAfBgNVHSMEGDAWgBTAMVLNWlDDgnx0cc7L6Zz5euuC4jAdBgNVHQ4E\nFgQUWANDIOnwTD5ALDvuvJ7pHx3mYPowKwYDVR0RBCQwIoIgb2lkYy5la3MudXMt\nd2VzdC0xLmFtYXpvbmF3cy5jb20wDgYDVR0PAQH/BAQDAgWgMB0GA1UdJQQWMBQG\nCCsGAQUFBwMBBggrBgEFBQcDAjA7BgNVHR8ENDAyMDCgLqAshipodHRwOi8vY3Js\nLnIybTAyLmFtYXpvbnRydXN0LmNvbS9yMm0wMi5jcmwwEwYDVR0gBAwwCjAIBgZn\ngQwBAgEwdQYIKwYBBQUHAQEEaTBnMC0GCCsGAQUFBzABhiFodHRwOi8vb2NzcC5y\nMm0wMi5hbWF6b250cnVzdC5jb20wNgYIKwYBBQUHMAKGKmh0dHA6Ly9jcnQucjJt\nMDIuYW1hem9udHJ1c3QuY29tL3IybTAyLmNlcjAMBgNVHRMBAf8EAjAAMIIBfQYK\nKwYBBAHWeQIEAgSCAW0EggFpAWcAdgB2/4g/Crb7lVHCYcz1h7o0tKTNuyncaEIK\nn+ZnTFo6dAAAAYhfuTwlAAAEAwBHMEUCIAglEANyXlqTnmvpn/CYodL/WZXtfPvI\nWRH0wf6z75zVAiEAj2dv5iU5OiGx6Cbz3tqbSukvbvv90IyIhJOwOE3gjj4AdgBI\nsONr2qZHNA/lagL6nTDrHFIBy1bdLIHZu7+rOdiEcwAAAYhfuTwVAAAEAwBHMEUC\nIQC0i30F3fXieSOzUBTIMJ2w099ybNiQBc3zeDeMlAH+OQIgbhMOL3kKKacG108C\nwfnswkt4S2K4J0pLbyaNggRoZzoAdQDatr9rP7W2Ip+bwrtca+hwkXFsu1GEhTS9\npD0wSNf7qwAAAYhfuTvkAAAEAwBGMEQCIE4JdV/F+UDr5RcFyN7sSeFChIj0HRMS\nnWum5vkjpybFAiASy7VbyTD9FHVEf4W6xHjsjL53yia43oxhUdF/Uhvb/TANBgkq\nhkiG9w0BAQsFAAOCAQEARFyqvb1qfP0KBocUy0kVbQSDCNuBHKYJO3qiHzqLvnJQ\nVeXQoET3nbhIst4AeiYDZcZs1h6rQnnTmzR5TWea8EsX8fqWz602JEoQTKOwL2D0\n+9o8udLCDqRGy93HVx1uJKxEvMEyz/06/JOdl3wuuvvcXuewJM2VKD6PAxFr8h8m\n7YVRiDlXxEAS1ea+1mi9rvg+yHy1ZO2QFhCcEorBnuDu2NZnJT6CCBSsg9TU5yQL\nZ4Ap0RJNZ967VgLu4YjxdSoL91nTAjv0LEvfUUiQ1aB4qYF01cB+EvPMuwrp9SdV\nT0PFIJ+H3eMkBKZoATvvJqPdDn854osWDXb6inkWVQ==\n-----END CERTIFICATE-----\n",
                "is_ca": false,
                "issuer": "CN=Amazon RSA 2048 M02,O=Amazon,C=US",
                "not_after": "2024-06-25T23:59:59Z",
                "not_before": "2023-05-28T00:00:00Z",
                "public_key_algorithm": "RSA",
                "serial_number": "19550415575815717675658756569794177186",
                "sha1_fingerprint": "3fd6d5a7f2214f4e1abb1a281f316e95f1ec0968",
                "signature_algorithm": "SHA256-RSA",
                "subject": "CN=oidc.eks.us-west-1.amazonaws.com",
                "version": 3
              }
            ],
            "content": null,
            "id": "b943b8b383a12fc7aa6ab7b78384bfd6d9138b50",
            "url": "https://oidc.eks.us-west-1.amazonaws.com/id/CB81C854F625A60AEE3B50E471D14C7C",
            "verify_chain": true
          },
          "sensitive_attributes": []
        }
      ]
    },
    {
      "module": "module.eks",
      "mode": "managed",
      "type": "aws_cloudwatch_log_group",
      "name": "this",
      "provider": "provider[\"registry.terraform.io/hashicorp/aws\"]",
      "instances": [
        {
          "index_key": 0,
          "schema_version": 0,
          "attributes": {
            "arn": "arn:aws:logs:us-west-1:405632504902:log-group:/aws/eks/production/cluster",
            "id": "/aws/eks/production/cluster",
            "kms_key_id": "",
            "name": "/aws/eks/production/cluster",
            "name_prefix": "",
            "retention_in_days": 90,
            "skip_destroy": false,
            "tags": null,
            "tags_all": {}
          },
          "sensitive_attributes": [],
          "private": "bnVsbA==",
          "create_before_destroy": true
        }
      ]
    },
    {
      "module": "module.eks",
      "mode": "managed",
      "type": "aws_eks_addon",
      "name": "this",
      "provider": "provider[\"registry.terraform.io/hashicorp/aws\"]",
      "instances": [
        {
          "index_key": "coredns",
          "schema_version": 0,
          "attributes": {
            "addon_name": "coredns",
            "addon_version": "v1.10.1-eksbuild.1",
            "arn": "arn:aws:eks:us-west-1:405632504902:addon/production/coredns/dac4c27b-92f3-2795-1d6c-0977297779cd",
            "cluster_name": "production",
            "configuration_values": "",
            "created_at": "2023-07-23T22:55:37Z",
            "id": "production:coredns",
            "modified_at": "2023-07-23T22:55:45Z",
            "preserve": null,
            "resolve_conflicts": "OVERWRITE",
            "resolve_conflicts_on_create": null,
            "resolve_conflicts_on_update": null,
            "service_account_role_arn": "",
            "tags": null,
            "tags_all": {},
            "timeouts": null
          },
          "sensitive_attributes": [],
          "private": "eyJlMmJmYjczMC1lY2FhLTExZTYtOGY4OC0zNDM2M2JjN2M0YzAiOnsiY3JlYXRlIjoxMjAwMDAwMDAwMDAwLCJkZWxldGUiOjI0MDAwMDAwMDAwMDAsInVwZGF0ZSI6MTIwMDAwMDAwMDAwMH19",
          "dependencies": [
            "module.eks.aws_cloudwatch_log_group.this",
            "module.eks.aws_eks_cluster.this",
            "module.eks.aws_iam_role.this",
            "module.eks.aws_iam_role_policy_attachment.this",
            "module.eks.aws_security_group.cluster",
            "module.eks.aws_security_group.node",
            "module.eks.aws_security_group_rule.cluster",
            "module.eks.aws_security_group_rule.node",
            "module.eks.data.aws_iam_policy_document.assume_role_policy",
            "module.eks.data.aws_partition.current",
            "module.eks.module.eks_managed_node_group.aws_eks_node_group.this",
            "module.eks.module.eks_managed_node_group.aws_iam_role.this",
            "module.eks.module.eks_managed_node_group.aws_iam_role_policy_attachment.this",
            "module.eks.module.eks_managed_node_group.aws_launch_template.this",
            "module.eks.module.eks_managed_node_group.aws_security_group.this",
            "module.eks.module.eks_managed_node_group.aws_security_group_rule.this",
            "module.eks.module.eks_managed_node_group.data.aws_caller_identity.current",
            "module.eks.module.eks_managed_node_group.data.aws_iam_policy_document.assume_role_policy",
            "module.eks.module.eks_managed_node_group.data.aws_partition.current",
            "module.eks.module.eks_managed_node_group.module.user_data.data.cloudinit_config.linux_eks_managed_node_group",
            "module.eks.module.fargate_profile.aws_eks_fargate_profile.this",
            "module.eks.module.fargate_profile.aws_iam_role.this",
            "module.eks.module.fargate_profile.aws_iam_role_policy_attachment.this",
            "module.eks.module.fargate_profile.data.aws_caller_identity.current",
            "module.eks.module.fargate_profile.data.aws_iam_policy_document.assume_role_policy",
            "module.eks.module.fargate_profile.data.aws_partition.current",
            "module.eks.module.kms.aws_kms_external_key.this",
            "module.eks.module.kms.aws_kms_key.this",
            "module.eks.module.self_managed_node_group.aws_autoscaling_group.this",
            "module.eks.module.self_managed_node_group.aws_autoscaling_schedule.this",
            "module.eks.module.self_managed_node_group.aws_iam_instance_profile.this",
            "module.eks.module.self_managed_node_group.aws_iam_role.this",
            "module.eks.module.self_managed_node_group.aws_iam_role_policy_attachment.this",
            "module.eks.module.self_managed_node_group.aws_launch_template.this",
            "module.eks.module.self_managed_node_group.aws_security_group.this",
            "module.eks.module.self_managed_node_group.aws_security_group_rule.this",
            "module.eks.module.self_managed_node_group.data.aws_ami.eks_default",
            "module.eks.module.self_managed_node_group.data.aws_caller_identity.current",
            "module.eks.module.self_managed_node_group.data.aws_default_tags.current",
            "module.eks.module.self_managed_node_group.data.aws_iam_policy_document.assume_role_policy",
            "module.eks.module.self_managed_node_group.data.aws_partition.current",
            "module.eks.module.self_managed_node_group.module.user_data.data.cloudinit_config.linux_eks_managed_node_group",
            "module.vpc.aws_subnet.private",
            "module.vpc.aws_vpc.this",
            "module.vpc.aws_vpc_ipv4_cidr_block_association.this"
          ]
        },
        {
          "index_key": "kube-proxy",
          "schema_version": 0,
          "attributes": {
            "addon_name": "kube-proxy",
            "addon_version": "v1.27.1-eksbuild.1",
            "arn": "arn:aws:eks:us-west-1:405632504902:addon/production/kube-proxy/24c4c27b-92ef-37bb-bd7b-db4076e414b3",
            "cluster_name": "production",
            "configuration_values": "",
            "created_at": "2023-07-23T22:55:37Z",
            "id": "production:kube-proxy",
            "modified_at": "2023-07-23T22:55:40Z",
            "preserve": null,
            "resolve_conflicts": null,
            "resolve_conflicts_on_create": null,
            "resolve_conflicts_on_update": null,
            "service_account_role_arn": "",
            "tags": null,
            "tags_all": {},
            "timeouts": null
          },
          "sensitive_attributes": [],
          "private": "eyJlMmJmYjczMC1lY2FhLTExZTYtOGY4OC0zNDM2M2JjN2M0YzAiOnsiY3JlYXRlIjoxMjAwMDAwMDAwMDAwLCJkZWxldGUiOjI0MDAwMDAwMDAwMDAsInVwZGF0ZSI6MTIwMDAwMDAwMDAwMH19",
          "dependencies": [
            "module.eks.aws_cloudwatch_log_group.this",
            "module.eks.aws_eks_cluster.this",
            "module.eks.aws_iam_role.this",
            "module.eks.aws_iam_role_policy_attachment.this",
            "module.eks.aws_security_group.cluster",
            "module.eks.aws_security_group.node",
            "module.eks.aws_security_group_rule.cluster",
            "module.eks.aws_security_group_rule.node",
            "module.eks.data.aws_iam_policy_document.assume_role_policy",
            "module.eks.data.aws_partition.current",
            "module.eks.module.eks_managed_node_group.aws_eks_node_group.this",
            "module.eks.module.eks_managed_node_group.aws_iam_role.this",
            "module.eks.module.eks_managed_node_group.aws_iam_role_policy_attachment.this",
            "module.eks.module.eks_managed_node_group.aws_launch_template.this",
            "module.eks.module.eks_managed_node_group.aws_security_group.this",
            "module.eks.module.eks_managed_node_group.aws_security_group_rule.this",
            "module.eks.module.eks_managed_node_group.data.aws_caller_identity.current",
            "module.eks.module.eks_managed_node_group.data.aws_iam_policy_document.assume_role_policy",
            "module.eks.module.eks_managed_node_group.data.aws_partition.current",
            "module.eks.module.eks_managed_node_group.module.user_data.data.cloudinit_config.linux_eks_managed_node_group",
            "module.eks.module.fargate_profile.aws_eks_fargate_profile.this",
            "module.eks.module.fargate_profile.aws_iam_role.this",
            "module.eks.module.fargate_profile.aws_iam_role_policy_attachment.this",
            "module.eks.module.fargate_profile.data.aws_caller_identity.current",
            "module.eks.module.fargate_profile.data.aws_iam_policy_document.assume_role_policy",
            "module.eks.module.fargate_profile.data.aws_partition.current",
            "module.eks.module.kms.aws_kms_external_key.this",
            "module.eks.module.kms.aws_kms_key.this",
            "module.eks.module.self_managed_node_group.aws_autoscaling_group.this",
            "module.eks.module.self_managed_node_group.aws_autoscaling_schedule.this",
            "module.eks.module.self_managed_node_group.aws_iam_instance_profile.this",
            "module.eks.module.self_managed_node_group.aws_iam_role.this",
            "module.eks.module.self_managed_node_group.aws_iam_role_policy_attachment.this",
            "module.eks.module.self_managed_node_group.aws_launch_template.this",
            "module.eks.module.self_managed_node_group.aws_security_group.this",
            "module.eks.module.self_managed_node_group.aws_security_group_rule.this",
            "module.eks.module.self_managed_node_group.data.aws_ami.eks_default",
            "module.eks.module.self_managed_node_group.data.aws_caller_identity.current",
            "module.eks.module.self_managed_node_group.data.aws_default_tags.current",
            "module.eks.module.self_managed_node_group.data.aws_iam_policy_document.assume_role_policy",
            "module.eks.module.self_managed_node_group.data.aws_partition.current",
            "module.eks.module.self_managed_node_group.module.user_data.data.cloudinit_config.linux_eks_managed_node_group",
            "module.vpc.aws_subnet.private",
            "module.vpc.aws_vpc.this",
            "module.vpc.aws_vpc_ipv4_cidr_block_association.this"
          ]
        },
        {
          "index_key": "vpc-cni",
          "schema_version": 0,
          "attributes": {
            "addon_name": "vpc-cni",
            "addon_version": "v1.12.6-eksbuild.2",
            "arn": "arn:aws:eks:us-west-1:405632504902:addon/production/vpc-cni/1ec4c27b-92ef-54a5-a268-a93063b75587",
            "cluster_name": "production",
            "configuration_values": "",
            "created_at": "2023-07-23T22:55:37Z",
            "id": "production:vpc-cni",
            "modified_at": "2023-07-23T22:56:09Z",
            "preserve": null,
            "resolve_conflicts": "OVERWRITE",
            "resolve_conflicts_on_create": null,
            "resolve_conflicts_on_update": null,
            "service_account_role_arn": "",
            "tags": null,
            "tags_all": {},
            "timeouts": null
          },
          "sensitive_attributes": [],
          "private": "eyJlMmJmYjczMC1lY2FhLTExZTYtOGY4OC0zNDM2M2JjN2M0YzAiOnsiY3JlYXRlIjoxMjAwMDAwMDAwMDAwLCJkZWxldGUiOjI0MDAwMDAwMDAwMDAsInVwZGF0ZSI6MTIwMDAwMDAwMDAwMH19",
          "dependencies": [
            "module.eks.aws_cloudwatch_log_group.this",
            "module.eks.aws_eks_cluster.this",
            "module.eks.aws_iam_role.this",
            "module.eks.aws_iam_role_policy_attachment.this",
            "module.eks.aws_security_group.cluster",
            "module.eks.aws_security_group.node",
            "module.eks.aws_security_group_rule.cluster",
            "module.eks.aws_security_group_rule.node",
            "module.eks.data.aws_iam_policy_document.assume_role_policy",
            "module.eks.data.aws_partition.current",
            "module.eks.module.eks_managed_node_group.aws_eks_node_group.this",
            "module.eks.module.eks_managed_node_group.aws_iam_role.this",
            "module.eks.module.eks_managed_node_group.aws_iam_role_policy_attachment.this",
            "module.eks.module.eks_managed_node_group.aws_launch_template.this",
            "module.eks.module.eks_managed_node_group.aws_security_group.this",
            "module.eks.module.eks_managed_node_group.aws_security_group_rule.this",
            "module.eks.module.eks_managed_node_group.data.aws_caller_identity.current",
            "module.eks.module.eks_managed_node_group.data.aws_iam_policy_document.assume_role_policy",
            "module.eks.module.eks_managed_node_group.data.aws_partition.current",
            "module.eks.module.eks_managed_node_group.module.user_data.data.cloudinit_config.linux_eks_managed_node_group",
            "module.eks.module.fargate_profile.aws_eks_fargate_profile.this",
            "module.eks.module.fargate_profile.aws_iam_role.this",
            "module.eks.module.fargate_profile.aws_iam_role_policy_attachment.this",
            "module.eks.module.fargate_profile.data.aws_caller_identity.current",
            "module.eks.module.fargate_profile.data.aws_iam_policy_document.assume_role_policy",
            "module.eks.module.fargate_profile.data.aws_partition.current",
            "module.eks.module.kms.aws_kms_external_key.this",
            "module.eks.module.kms.aws_kms_key.this",
            "module.eks.module.self_managed_node_group.aws_autoscaling_group.this",
            "module.eks.module.self_managed_node_group.aws_autoscaling_schedule.this",
            "module.eks.module.self_managed_node_group.aws_iam_instance_profile.this",
            "module.eks.module.self_managed_node_group.aws_iam_role.this",
            "module.eks.module.self_managed_node_group.aws_iam_role_policy_attachment.this",
            "module.eks.module.self_managed_node_group.aws_launch_template.this",
            "module.eks.module.self_managed_node_group.aws_security_group.this",
            "module.eks.module.self_managed_node_group.aws_security_group_rule.this",
            "module.eks.module.self_managed_node_group.data.aws_ami.eks_default",
            "module.eks.module.self_managed_node_group.data.aws_caller_identity.current",
            "module.eks.module.self_managed_node_group.data.aws_default_tags.current",
            "module.eks.module.self_managed_node_group.data.aws_iam_policy_document.assume_role_policy",
            "module.eks.module.self_managed_node_group.data.aws_partition.current",
            "module.eks.module.self_managed_node_group.module.user_data.data.cloudinit_config.linux_eks_managed_node_group",
            "module.vpc.aws_subnet.private",
            "module.vpc.aws_vpc.this",
            "module.vpc.aws_vpc_ipv4_cidr_block_association.this"
          ]
        }
      ]
    },
    {
      "module": "module.eks",
      "mode": "managed",
      "type": "aws_eks_cluster",
      "name": "this",
      "provider": "provider[\"registry.terraform.io/hashicorp/aws\"]",
      "instances": [
        {
          "index_key": 0,
          "schema_version": 0,
          "attributes": {
            "arn": "arn:aws:eks:us-west-1:405632504902:cluster/production",
            "certificate_authority": [
              {
                "data": "LS0tLS1CRUdJTiBDRVJUSUZJQ0FURS0tLS0tCk1JSUMvakNDQWVhZ0F3SUJBZ0lCQURBTkJna3Foa2lHOXcwQkFRc0ZBREFWTVJNd0VRWURWUVFERXdwcmRXSmwKY201bGRHVnpNQjRYRFRJek1EY3lNekl5TlRBME5Wb1hEVE16TURjeU1ESXlOVEEwTlZvd0ZURVRNQkVHQTFVRQpBeE1LYTNWaVpYSnVaWFJsY3pDQ0FTSXdEUVlKS29aSWh2Y05BUUVCQlFBRGdnRVBBRENDQVFvQ2dnRUJBTnppCm9qMElmUDF5SXppQlBhMjZDREpEOXd5VWZFT1V1dkFxWFJHcnhjd0E4cTJ6dU82Q3Z3bjZUTmtBbUY3YUhZSmYKMDB6ZTVCcEtYZ09NODB0KzcxK1NxOU5ON2h2UTRXeEpqZUVaakpIUDd0b0xvQndjVDZzLzg2cXVaVGZlS2wzMwpVRFRYTHdlM21lVVIxZzZDd3FuaGRNdHM2NThFd2lnQ1grQ3daaHcxYnBqbEVyYjNCNlk1VzhEc3VBZU9GdFJXCmpNa1ZlRkNBRTJiSDVMQ3ZScERrdnJVMkF2SVpCaWlqUE1hUUJZK0xjeWU1RmtsSWhOTkU4L24yUkpzOXFzNUkKaGlyWlpQSkJlcEpzWjBrNFo2Q1hMK0phN1NtVVJDOEhvc0JBY3ZaeFBUSlgxQ2MyaHNwVEJNU3Mvc1E1SjlyagptSHpCcksvK0JGaEI5cVFjb1QwQ0F3RUFBYU5aTUZjd0RnWURWUjBQQVFIL0JBUURBZ0trTUE4R0ExVWRFd0VCCi93UUZNQU1CQWY4d0hRWURWUjBPQkJZRUZGNFhRbHc1VVBzdzYzUTdnaSt4djBPaGdRbW1NQlVHQTFVZEVRUU8KTUF5Q0NtdDFZbVZ5Ym1WMFpYTXdEUVlKS29aSWh2Y05BUUVMQlFBRGdnRUJBSjhUM2ZLbXZxTmtjNXhGZE1pKwp3SmRVMHFQL011TFp2ZDZxVGJiOWlMSUZKKy9WOEdlbllpellEeE1Bd0huZ1h2TWZHUmlNTGYvaVBJMkh6WDdZCjdDdVc2ODBXendaVm1MQmhRZjlBaWsza0hJQVZreWRmK3p1M3J5U3lTdkNBS01sMVpGUE1aajlCaWtBQUE4V0QKNzNhSnplN2pEZWloVDZmZVFpMlR4c2xNQmt1QkhNcGdnbE5XSk14blV6QkQ3OUhSaGdYUTI0Y2pyU3g4UXEvdApNaDJBUU9LbVFXRUtlVUMxLzIyTVB0Rk8vZUhIVGxSNHZoYXhuNmR3R0xwSnlFNTJyUWxEWjhHN0lBeHpRdmZyCjFBaC8vUEVJOFRiczluMjRveUluQVlmVG5uN0YyQVU2NExvOGJIbm1OYkF2WlhaR21yUGJjV24yOTMwMzlKL2oKaEdFPQotLS0tLUVORCBDRVJUSUZJQ0FURS0tLS0tCg=="
              }
            ],
            "cluster_id": null,
            "created_at": "2023-07-23 22:46:12.43 +0000 UTC",
            "enabled_cluster_log_types": [
              "api",
              "audit",
              "authenticator"
            ],
            "encryption_config": [],
            "endpoint": "https://CB81C854F625A60AEE3B50E471D14C7C.gr7.us-west-1.eks.amazonaws.com",
            "id": "production",
            "identity": [
              {
                "oidc": [
                  {
                    "issuer": "https://oidc.eks.us-west-1.amazonaws.com/id/CB81C854F625A60AEE3B50E471D14C7C"
                  }
                ]
              }
            ],
            "kubernetes_network_config": [
              {
                "ip_family": "ipv4",
                "service_ipv4_cidr": "172.20.0.0/16",
                "service_ipv6_cidr": ""
              }
            ],
            "name": "production",
            "outpost_config": [],
            "platform_version": "eks.3",
            "role_arn": "arn:aws:iam::405632504902:role/production-cluster-20230723224537598800000004",
            "status": "ACTIVE",
            "tags": null,
            "tags_all": {},
            "timeouts": {
              "create": null,
              "delete": null,
              "update": null
            },
            "version": "1.27",
            "vpc_config": [
              {
                "cluster_security_group_id": "sg-0bfd072be0181bb1e",
                "endpoint_private_access": true,
                "endpoint_public_access": true,
                "public_access_cidrs": [
                  "0.0.0.0/0"
                ],
                "security_group_ids": [
                  "sg-09c516f15cc696d78"
                ],
                "subnet_ids": [
                  "subnet-04c470a873626f6c6",
                  "subnet-08c205c94e994ad77"
                ],
                "vpc_id": "vpc-044899f1ac4045433"
              }
            ]
          },
          "sensitive_attributes": [],
          "private": "eyJlMmJmYjczMC1lY2FhLTExZTYtOGY4OC0zNDM2M2JjN2M0YzAiOnsiY3JlYXRlIjoxODAwMDAwMDAwMDAwLCJkZWxldGUiOjkwMDAwMDAwMDAwMCwidXBkYXRlIjozNjAwMDAwMDAwMDAwfX0=",
          "dependencies": [
            "module.eks.aws_cloudwatch_log_group.this",
            "module.eks.aws_iam_role.this",
            "module.eks.aws_iam_role_policy_attachment.this",
            "module.eks.aws_security_group.cluster",
            "module.eks.aws_security_group.node",
            "module.eks.aws_security_group_rule.cluster",
            "module.eks.aws_security_group_rule.node",
            "module.eks.data.aws_iam_policy_document.assume_role_policy",
            "module.eks.data.aws_partition.current",
            "module.eks.module.kms.aws_kms_external_key.this",
            "module.eks.module.kms.aws_kms_key.this",
            "module.vpc.aws_subnet.private",
            "module.vpc.aws_vpc.this",
            "module.vpc.aws_vpc_ipv4_cidr_block_association.this"
          ],
          "create_before_destroy": true
        }
      ]
    },
    {
      "module": "module.eks",
      "mode": "managed",
      "type": "aws_iam_openid_connect_provider",
      "name": "oidc_provider",
      "provider": "provider[\"registry.terraform.io/hashicorp/aws\"]",
      "instances": [
        {
          "index_key": 0,
          "schema_version": 0,
          "attributes": {
            "arn": "arn:aws:iam::405632504902:oidc-provider/oidc.eks.us-west-1.amazonaws.com/id/CB81C854F625A60AEE3B50E471D14C7C",
            "client_id_list": [
              "sts.amazonaws.com"
            ],
            "id": "arn:aws:iam::405632504902:oidc-provider/oidc.eks.us-west-1.amazonaws.com/id/CB81C854F625A60AEE3B50E471D14C7C",
            "tags": {
              "Name": "production-eks-irsa"
            },
            "tags_all": {
              "Name": "production-eks-irsa"
            },
            "thumbprint_list": [
              "9e99a48a9960b14926bb7f3b02e22da2b0ab7280"
            ],
            "url": "oidc.eks.us-west-1.amazonaws.com/id/CB81C854F625A60AEE3B50E471D14C7C"
          },
          "sensitive_attributes": [],
          "private": "bnVsbA==",
          "dependencies": [
            "module.eks.aws_cloudwatch_log_group.this",
            "module.eks.aws_eks_cluster.this",
            "module.eks.aws_iam_role.this",
            "module.eks.aws_iam_role_policy_attachment.this",
            "module.eks.aws_security_group.cluster",
            "module.eks.aws_security_group.node",
            "module.eks.aws_security_group_rule.cluster",
            "module.eks.aws_security_group_rule.node",
            "module.eks.data.aws_iam_policy_document.assume_role_policy",
            "module.eks.data.aws_partition.current",
            "module.eks.data.tls_certificate.this",
            "module.eks.module.kms.aws_kms_external_key.this",
            "module.eks.module.kms.aws_kms_key.this",
            "module.vpc.aws_subnet.private",
            "module.vpc.aws_vpc.this",
            "module.vpc.aws_vpc_ipv4_cidr_block_association.this"
          ]
        }
      ]
    },
    {
      "module": "module.eks",
      "mode": "managed",
      "type": "aws_iam_role",
      "name": "this",
      "provider": "provider[\"registry.terraform.io/hashicorp/aws\"]",
      "instances": [
        {
          "index_key": 0,
          "schema_version": 0,
          "attributes": {
            "arn": "arn:aws:iam::405632504902:role/production-cluster-20230723224537598800000004",
            "assume_role_policy": "{\"Statement\":[{\"Action\":\"sts:AssumeRole\",\"Effect\":\"Allow\",\"Principal\":{\"Service\":\"eks.amazonaws.com\"},\"Sid\":\"EKSClusterAssumeRole\"}],\"Version\":\"2012-10-17\"}",
            "create_date": "2023-07-23T22:45:37Z",
            "description": "",
            "force_detach_policies": true,
            "id": "production-cluster-20230723224537598800000004",
            "inline_policy": [
              {
                "name": "production-cluster",
                "policy": "{\"Version\":\"2012-10-17\",\"Statement\":[{\"Action\":[\"logs:CreateLogGroup\"],\"Effect\":\"Deny\",\"Resource\":\"arn:aws:logs:us-west-1:405632504902:log-group:/aws/eks/production/cluster\"}]}"
              }
            ],
            "managed_policy_arns": [],
            "max_session_duration": 3600,
            "name": "production-cluster-20230723224537598800000004",
            "name_prefix": "production-cluster-",
            "path": "/",
            "permissions_boundary": null,
            "tags": null,
            "tags_all": {},
            "unique_id": "AROAV44MU2RDLXYJJHQHC"
          },
          "sensitive_attributes": [],
          "private": "bnVsbA==",
          "dependencies": [
            "module.eks.aws_cloudwatch_log_group.this",
            "module.eks.data.aws_iam_policy_document.assume_role_policy"
          ],
          "create_before_destroy": true
        }
      ]
    },
    {
      "module": "module.eks",
      "mode": "managed",
      "type": "aws_iam_role_policy_attachment",
      "name": "this",
      "provider": "provider[\"registry.terraform.io/hashicorp/aws\"]",
      "instances": [
        {
          "index_key": "arn:aws:iam::aws:policy/AmazonEKSClusterPolicy",
          "schema_version": 0,
          "attributes": {
            "id": "production-cluster-20230723224537598800000004-20230723224539207600000006",
            "policy_arn": "arn:aws:iam::aws:policy/AmazonEKSClusterPolicy",
            "role": "production-cluster-20230723224537598800000004"
          },
          "sensitive_attributes": [],
          "private": "bnVsbA==",
          "dependencies": [
            "module.eks.aws_cloudwatch_log_group.this",
            "module.eks.aws_iam_role.this",
            "module.eks.data.aws_iam_policy_document.assume_role_policy",
            "module.eks.data.aws_partition.current"
          ],
          "create_before_destroy": true
        },
        {
          "index_key": "arn:aws:iam::aws:policy/AmazonEKSVPCResourceController",
          "schema_version": 0,
          "attributes": {
            "id": "production-cluster-20230723224537598800000004-20230723224539226100000007",
            "policy_arn": "arn:aws:iam::aws:policy/AmazonEKSVPCResourceController",
            "role": "production-cluster-20230723224537598800000004"
          },
          "sensitive_attributes": [],
          "private": "bnVsbA==",
          "dependencies": [
            "module.eks.aws_cloudwatch_log_group.this",
            "module.eks.aws_iam_role.this",
            "module.eks.data.aws_iam_policy_document.assume_role_policy",
            "module.eks.data.aws_partition.current"
          ],
          "create_before_destroy": true
        }
      ]
    },
    {
      "module": "module.eks",
      "mode": "managed",
      "type": "aws_security_group",
      "name": "cluster",
      "provider": "provider[\"registry.terraform.io/hashicorp/aws\"]",
      "instances": [
        {
          "index_key": 0,
          "schema_version": 1,
          "attributes": {
            "arn": "arn:aws:ec2:us-west-1:405632504902:security-group/sg-09c516f15cc696d78",
            "description": "EKS cluster security group",
            "egress": [],
            "id": "sg-09c516f15cc696d78",
            "ingress": [],
            "name": "production-cluster-20230723224552195600000009",
            "name_prefix": "production-cluster-",
            "owner_id": "405632504902",
            "revoke_rules_on_delete": false,
            "tags": {
              "Name": "production-cluster"
            },
            "tags_all": {
              "Name": "production-cluster"
            },
            "timeouts": null,
            "vpc_id": "vpc-044899f1ac4045433"
          },
          "sensitive_attributes": [],
          "private": "eyJlMmJmYjczMC1lY2FhLTExZTYtOGY4OC0zNDM2M2JjN2M0YzAiOnsiY3JlYXRlIjo2MDAwMDAwMDAwMDAsImRlbGV0ZSI6OTAwMDAwMDAwMDAwfSwic2NoZW1hX3ZlcnNpb24iOiIxIn0=",
          "dependencies": [
            "module.vpc.aws_vpc.this"
          ],
          "create_before_destroy": true
        }
      ]
    },
    {
      "module": "module.eks",
      "mode": "managed",
      "type": "aws_security_group",
      "name": "node",
      "provider": "provider[\"registry.terraform.io/hashicorp/aws\"]",
      "instances": [
        {
          "index_key": 0,
          "schema_version": 1,
          "attributes": {
            "arn": "arn:aws:ec2:us-west-1:405632504902:security-group/sg-059ee6b00c7b1bde1",
            "description": "EKS node shared security group",
            "egress": [],
            "id": "sg-059ee6b00c7b1bde1",
            "ingress": [],
            "name": "production-node-20230723224550446100000008",
            "name_prefix": "production-node-",
            "owner_id": "405632504902",
            "revoke_rules_on_delete": false,
            "tags": {
              "Name": "production-node",
              "kubernetes.io/cluster/production": "owned"
            },
            "tags_all": {
              "Name": "production-node",
              "kubernetes.io/cluster/production": "owned"
            },
            "timeouts": null,
            "vpc_id": "vpc-044899f1ac4045433"
          },
          "sensitive_attributes": [],
          "private": "eyJlMmJmYjczMC1lY2FhLTExZTYtOGY4OC0zNDM2M2JjN2M0YzAiOnsiY3JlYXRlIjo2MDAwMDAwMDAwMDAsImRlbGV0ZSI6OTAwMDAwMDAwMDAwfSwic2NoZW1hX3ZlcnNpb24iOiIxIn0=",
          "dependencies": [
            "module.vpc.aws_vpc.this"
          ],
          "create_before_destroy": true
        }
      ]
    },
    {
      "module": "module.eks",
      "mode": "managed",
      "type": "aws_security_group_rule",
      "name": "cluster",
      "provider": "provider[\"registry.terraform.io/hashicorp/aws\"]",
      "instances": [
        {
          "index_key": "egress_nodes_443",
          "schema_version": 2,
          "attributes": {
            "cidr_blocks": null,
            "description": "Cluster API to node groups",
            "from_port": 443,
            "id": "sgrule-395799119",
            "ipv6_cidr_blocks": null,
            "prefix_list_ids": [],
            "protocol": "tcp",
            "security_group_id": "sg-09c516f15cc696d78",
            "security_group_rule_id": "sgr-0eda66d3df63595de",
            "self": false,
            "source_security_group_id": "sg-059ee6b00c7b1bde1",
            "timeouts": null,
            "to_port": 443,
            "type": "egress"
          },
          "sensitive_attributes": [],
          "private": "eyJlMmJmYjczMC1lY2FhLTExZTYtOGY4OC0zNDM2M2JjN2M0YzAiOnsiY3JlYXRlIjozMDAwMDAwMDAwMDB9LCJzY2hlbWFfdmVyc2lvbiI6IjIifQ==",
          "dependencies": [
            "module.eks.aws_security_group.cluster",
            "module.eks.aws_security_group.node",
            "module.vpc.aws_vpc.this"
          ],
          "create_before_destroy": true
        },
        {
          "index_key": "egress_nodes_ephemeral_ports_tcp",
          "schema_version": 2,
          "attributes": {
            "cidr_blocks": null,
            "description": "To node 1025-65535",
            "from_port": 1025,
            "id": "sgrule-301895954",
            "ipv6_cidr_blocks": null,
            "prefix_list_ids": [],
            "protocol": "tcp",
            "security_group_id": "sg-09c516f15cc696d78",
            "security_group_rule_id": "sgr-0f86cabc00a1198fe",
            "self": false,
            "source_security_group_id": "sg-059ee6b00c7b1bde1",
            "timeouts": null,
            "to_port": 65535,
            "type": "egress"
          },
          "sensitive_attributes": [],
          "private": "eyJlMmJmYjczMC1lY2FhLTExZTYtOGY4OC0zNDM2M2JjN2M0YzAiOnsiY3JlYXRlIjozMDAwMDAwMDAwMDB9LCJzY2hlbWFfdmVyc2lvbiI6IjIifQ==",
          "dependencies": [
            "module.eks.aws_security_group.cluster",
            "module.eks.aws_security_group.node",
            "module.vpc.aws_vpc.this"
          ],
          "create_before_destroy": true
        },
        {
          "index_key": "egress_nodes_kubelet",
          "schema_version": 2,
          "attributes": {
            "cidr_blocks": null,
            "description": "Cluster API to node kubelets",
            "from_port": 10250,
            "id": "sgrule-4062463826",
            "ipv6_cidr_blocks": null,
            "prefix_list_ids": [],
            "protocol": "tcp",
            "security_group_id": "sg-09c516f15cc696d78",
            "security_group_rule_id": "sgr-013cd1d5e41faccb4",
            "self": false,
            "source_security_group_id": "sg-059ee6b00c7b1bde1",
            "timeouts": null,
            "to_port": 10250,
            "type": "egress"
          },
          "sensitive_attributes": [],
          "private": "eyJlMmJmYjczMC1lY2FhLTExZTYtOGY4OC0zNDM2M2JjN2M0YzAiOnsiY3JlYXRlIjozMDAwMDAwMDAwMDB9LCJzY2hlbWFfdmVyc2lvbiI6IjIifQ==",
          "dependencies": [
            "module.eks.aws_security_group.cluster",
            "module.eks.aws_security_group.node",
            "module.vpc.aws_vpc.this"
          ],
          "create_before_destroy": true
        },
        {
          "index_key": "ingress_nodes_443",
          "schema_version": 2,
          "attributes": {
            "cidr_blocks": null,
            "description": "Node groups to cluster API",
            "from_port": 443,
            "id": "sgrule-465342224",
            "ipv6_cidr_blocks": null,
            "prefix_list_ids": [],
            "protocol": "tcp",
            "security_group_id": "sg-09c516f15cc696d78",
            "security_group_rule_id": "sgr-066eb3390e142fb6a",
            "self": false,
            "source_security_group_id": "sg-059ee6b00c7b1bde1",
            "timeouts": null,
            "to_port": 443,
            "type": "ingress"
          },
          "sensitive_attributes": [],
          "private": "eyJlMmJmYjczMC1lY2FhLTExZTYtOGY4OC0zNDM2M2JjN2M0YzAiOnsiY3JlYXRlIjozMDAwMDAwMDAwMDB9LCJzY2hlbWFfdmVyc2lvbiI6IjIifQ==",
          "dependencies": [
            "module.eks.aws_security_group.cluster",
            "module.eks.aws_security_group.node",
            "module.vpc.aws_vpc.this"
          ],
          "create_before_destroy": true
        }
      ]
    },
    {
      "module": "module.eks",
      "mode": "managed",
      "type": "aws_security_group_rule",
      "name": "node",
      "provider": "provider[\"registry.terraform.io/hashicorp/aws\"]",
      "instances": [
        {
          "index_key": "egress_all",
          "schema_version": 2,
          "attributes": {
            "cidr_blocks": [
              "0.0.0.0/0"
            ],
            "description": "Node all egress",
            "from_port": 0,
            "id": "sgrule-1186598035",
            "ipv6_cidr_blocks": [
              "::/0"
            ],
            "prefix_list_ids": [],
            "protocol": "-1",
            "security_group_id": "sg-059ee6b00c7b1bde1",
            "security_group_rule_id": "",
            "self": false,
            "source_security_group_id": null,
            "timeouts": null,
            "to_port": 0,
            "type": "egress"
          },
          "sensitive_attributes": [],
          "private": "eyJlMmJmYjczMC1lY2FhLTExZTYtOGY4OC0zNDM2M2JjN2M0YzAiOnsiY3JlYXRlIjozMDAwMDAwMDAwMDB9LCJzY2hlbWFfdmVyc2lvbiI6IjIifQ==",
          "dependencies": [
            "module.eks.aws_security_group.cluster",
            "module.eks.aws_security_group.node",
            "module.vpc.aws_vpc.this"
          ],
          "create_before_destroy": true
        },
        {
          "index_key": "egress_cluster_443",
          "schema_version": 2,
          "attributes": {
            "cidr_blocks": null,
            "description": "Node groups to cluster API",
            "from_port": 443,
            "id": "sgrule-1069614942",
            "ipv6_cidr_blocks": null,
            "prefix_list_ids": [],
            "protocol": "tcp",
            "security_group_id": "sg-059ee6b00c7b1bde1",
            "security_group_rule_id": "sgr-0ffed123c22889e61",
            "self": false,
            "source_security_group_id": "sg-09c516f15cc696d78",
            "timeouts": null,
            "to_port": 443,
            "type": "egress"
          },
          "sensitive_attributes": [],
          "private": "eyJlMmJmYjczMC1lY2FhLTExZTYtOGY4OC0zNDM2M2JjN2M0YzAiOnsiY3JlYXRlIjozMDAwMDAwMDAwMDB9LCJzY2hlbWFfdmVyc2lvbiI6IjIifQ==",
          "dependencies": [
            "module.eks.aws_security_group.cluster",
            "module.eks.aws_security_group.node",
            "module.vpc.aws_vpc.this"
          ],
          "create_before_destroy": true
        },
        {
          "index_key": "egress_https",
          "schema_version": 2,
          "attributes": {
            "cidr_blocks": [
              "0.0.0.0/0"
            ],
            "description": "Egress all HTTPS to internet",
            "from_port": 443,
            "id": "sgrule-1877562380",
            "ipv6_cidr_blocks": null,
            "prefix_list_ids": [],
            "protocol": "tcp",
            "security_group_id": "sg-059ee6b00c7b1bde1",
            "security_group_rule_id": "sgr-0ed8301c3fde57331",
            "self": false,
            "source_security_group_id": null,
            "timeouts": null,
            "to_port": 443,
            "type": "egress"
          },
          "sensitive_attributes": [],
          "private": "eyJlMmJmYjczMC1lY2FhLTExZTYtOGY4OC0zNDM2M2JjN2M0YzAiOnsiY3JlYXRlIjozMDAwMDAwMDAwMDB9LCJzY2hlbWFfdmVyc2lvbiI6IjIifQ==",
          "dependencies": [
            "module.eks.aws_security_group.cluster",
            "module.eks.aws_security_group.node",
            "module.vpc.aws_vpc.this"
          ],
          "create_before_destroy": true
        },
        {
          "index_key": "egress_ntp_tcp",
          "schema_version": 2,
          "attributes": {
            "cidr_blocks": [
              "0.0.0.0/0"
            ],
            "description": "Egress NTP/TCP to internet",
            "from_port": 123,
            "id": "sgrule-2956421394",
            "ipv6_cidr_blocks": null,
            "prefix_list_ids": [],
            "protocol": "tcp",
            "security_group_id": "sg-059ee6b00c7b1bde1",
            "security_group_rule_id": "sgr-0b25b48cd265e84ef",
            "self": false,
            "source_security_group_id": null,
            "timeouts": null,
            "to_port": 123,
            "type": "egress"
          },
          "sensitive_attributes": [],
          "private": "eyJlMmJmYjczMC1lY2FhLTExZTYtOGY4OC0zNDM2M2JjN2M0YzAiOnsiY3JlYXRlIjozMDAwMDAwMDAwMDB9LCJzY2hlbWFfdmVyc2lvbiI6IjIifQ==",
          "dependencies": [
            "module.eks.aws_security_group.cluster",
            "module.eks.aws_security_group.node",
            "module.vpc.aws_vpc.this"
          ],
          "create_before_destroy": true
        },
        {
          "index_key": "egress_ntp_udp",
          "schema_version": 2,
          "attributes": {
            "cidr_blocks": [
              "0.0.0.0/0"
            ],
            "description": "Egress NTP/UDP to internet",
            "from_port": 123,
            "id": "sgrule-3467201567",
            "ipv6_cidr_blocks": null,
            "prefix_list_ids": [],
            "protocol": "udp",
            "security_group_id": "sg-059ee6b00c7b1bde1",
            "security_group_rule_id": "sgr-0b9647c9bfa6751e2",
            "self": false,
            "source_security_group_id": null,
            "timeouts": null,
            "to_port": 123,
            "type": "egress"
          },
          "sensitive_attributes": [],
          "private": "eyJlMmJmYjczMC1lY2FhLTExZTYtOGY4OC0zNDM2M2JjN2M0YzAiOnsiY3JlYXRlIjozMDAwMDAwMDAwMDB9LCJzY2hlbWFfdmVyc2lvbiI6IjIifQ==",
          "dependencies": [
            "module.eks.aws_security_group.cluster",
            "module.eks.aws_security_group.node",
            "module.vpc.aws_vpc.this"
          ],
          "create_before_destroy": true
        },
        {
          "index_key": "egress_self_coredns_tcp",
          "schema_version": 2,
          "attributes": {
            "cidr_blocks": null,
            "description": "Node to node CoreDNS",
            "from_port": 53,
            "id": "sgrule-2710009323",
            "ipv6_cidr_blocks": null,
            "prefix_list_ids": [],
            "protocol": "tcp",
            "security_group_id": "sg-059ee6b00c7b1bde1",
            "security_group_rule_id": "sgr-01a0221e4dfd3e75e",
            "self": true,
            "source_security_group_id": null,
            "timeouts": null,
            "to_port": 53,
            "type": "egress"
          },
          "sensitive_attributes": [],
          "private": "eyJlMmJmYjczMC1lY2FhLTExZTYtOGY4OC0zNDM2M2JjN2M0YzAiOnsiY3JlYXRlIjozMDAwMDAwMDAwMDB9LCJzY2hlbWFfdmVyc2lvbiI6IjIifQ==",
          "dependencies": [
            "module.eks.aws_security_group.cluster",
            "module.eks.aws_security_group.node",
            "module.vpc.aws_vpc.this"
          ],
          "create_before_destroy": true
        },
        {
          "index_key": "egress_self_coredns_udp",
          "schema_version": 2,
          "attributes": {
            "cidr_blocks": null,
            "description": "Node to node CoreDNS",
            "from_port": 53,
            "id": "sgrule-803272589",
            "ipv6_cidr_blocks": null,
            "prefix_list_ids": [],
            "protocol": "udp",
            "security_group_id": "sg-059ee6b00c7b1bde1",
            "security_group_rule_id": "sgr-03ec6e954316fbba1",
            "self": true,
            "source_security_group_id": null,
            "timeouts": null,
            "to_port": 53,
            "type": "egress"
          },
          "sensitive_attributes": [],
          "private": "eyJlMmJmYjczMC1lY2FhLTExZTYtOGY4OC0zNDM2M2JjN2M0YzAiOnsiY3JlYXRlIjozMDAwMDAwMDAwMDB9LCJzY2hlbWFfdmVyc2lvbiI6IjIifQ==",
          "dependencies": [
            "module.eks.aws_security_group.cluster",
            "module.eks.aws_security_group.node",
            "module.vpc.aws_vpc.this"
          ],
          "create_before_destroy": true
        },
        {
          "index_key": "ingress_allow_access_from_control_plane",
          "schema_version": 2,
          "attributes": {
            "cidr_blocks": null,
            "description": "Allow access from control plane to webhook port of AWS load balancer controller",
            "from_port": 9443,
            "id": "sgrule-168894835",
            "ipv6_cidr_blocks": null,
            "prefix_list_ids": [],
            "protocol": "tcp",
            "security_group_id": "sg-059ee6b00c7b1bde1",
            "security_group_rule_id": "sgr-0b8505022442b0cb2",
            "self": false,
            "source_security_group_id": "sg-09c516f15cc696d78",
            "timeouts": null,
            "to_port": 9443,
            "type": "ingress"
          },
          "sensitive_attributes": [],
          "private": "eyJlMmJmYjczMC1lY2FhLTExZTYtOGY4OC0zNDM2M2JjN2M0YzAiOnsiY3JlYXRlIjozMDAwMDAwMDAwMDB9LCJzY2hlbWFfdmVyc2lvbiI6IjIifQ==",
          "dependencies": [
            "module.eks.aws_security_group.cluster",
            "module.eks.aws_security_group.node",
            "module.vpc.aws_vpc.this"
          ],
          "create_before_destroy": true
        },
        {
          "index_key": "ingress_cluster_443",
          "schema_version": 2,
          "attributes": {
            "cidr_blocks": null,
            "description": "Cluster API to node groups",
            "from_port": 443,
            "id": "sgrule-260564657",
            "ipv6_cidr_blocks": null,
            "prefix_list_ids": [],
            "protocol": "tcp",
            "security_group_id": "sg-059ee6b00c7b1bde1",
            "security_group_rule_id": "sgr-0a9bd2c47ea6b199c",
            "self": false,
            "source_security_group_id": "sg-09c516f15cc696d78",
            "timeouts": null,
            "to_port": 443,
            "type": "ingress"
          },
          "sensitive_attributes": [],
          "private": "eyJlMmJmYjczMC1lY2FhLTExZTYtOGY4OC0zNDM2M2JjN2M0YzAiOnsiY3JlYXRlIjozMDAwMDAwMDAwMDB9LCJzY2hlbWFfdmVyc2lvbiI6IjIifQ==",
          "dependencies": [
            "module.eks.aws_security_group.cluster",
            "module.eks.aws_security_group.node",
            "module.vpc.aws_vpc.this"
          ],
          "create_before_destroy": true
        },
        {
          "index_key": "ingress_cluster_kubelet",
          "schema_version": 2,
          "attributes": {
            "cidr_blocks": null,
            "description": "Cluster API to node kubelets",
            "from_port": 10250,
            "id": "sgrule-870783207",
            "ipv6_cidr_blocks": null,
            "prefix_list_ids": [],
            "protocol": "tcp",
            "security_group_id": "sg-059ee6b00c7b1bde1",
            "security_group_rule_id": "sgr-0d825ffb17636d178",
            "self": false,
            "source_security_group_id": "sg-09c516f15cc696d78",
            "timeouts": null,
            "to_port": 10250,
            "type": "ingress"
          },
          "sensitive_attributes": [],
          "private": "eyJlMmJmYjczMC1lY2FhLTExZTYtOGY4OC0zNDM2M2JjN2M0YzAiOnsiY3JlYXRlIjozMDAwMDAwMDAwMDB9LCJzY2hlbWFfdmVyc2lvbiI6IjIifQ==",
          "dependencies": [
            "module.eks.aws_security_group.cluster",
            "module.eks.aws_security_group.node",
            "module.vpc.aws_vpc.this"
          ],
          "create_before_destroy": true
        },
        {
          "index_key": "ingress_self_all",
          "schema_version": 2,
          "attributes": {
            "cidr_blocks": null,
            "description": "Node to node all ports/protocols",
            "from_port": 0,
            "id": "sgrule-3441189906",
            "ipv6_cidr_blocks": null,
            "prefix_list_ids": [],
            "protocol": "-1",
            "security_group_id": "sg-059ee6b00c7b1bde1",
            "security_group_rule_id": "sgr-0b5a49102ce4f2323",
            "self": true,
            "source_security_group_id": null,
            "timeouts": null,
            "to_port": 0,
            "type": "ingress"
          },
          "sensitive_attributes": [],
          "private": "eyJlMmJmYjczMC1lY2FhLTExZTYtOGY4OC0zNDM2M2JjN2M0YzAiOnsiY3JlYXRlIjozMDAwMDAwMDAwMDB9LCJzY2hlbWFfdmVyc2lvbiI6IjIifQ==",
          "dependencies": [
            "module.eks.aws_security_group.cluster",
            "module.eks.aws_security_group.node",
            "module.vpc.aws_vpc.this"
          ],
          "create_before_destroy": true
        },
        {
          "index_key": "ingress_self_coredns_tcp",
          "schema_version": 2,
          "attributes": {
            "cidr_blocks": null,
            "description": "Node to node CoreDNS",
            "from_port": 53,
            "id": "sgrule-3400661246",
            "ipv6_cidr_blocks": null,
            "prefix_list_ids": [],
            "protocol": "tcp",
            "security_group_id": "sg-059ee6b00c7b1bde1",
            "security_group_rule_id": "sgr-05f60ad852409f128",
            "self": true,
            "source_security_group_id": null,
            "timeouts": null,
            "to_port": 53,
            "type": "ingress"
          },
          "sensitive_attributes": [],
          "private": "eyJlMmJmYjczMC1lY2FhLTExZTYtOGY4OC0zNDM2M2JjN2M0YzAiOnsiY3JlYXRlIjozMDAwMDAwMDAwMDB9LCJzY2hlbWFfdmVyc2lvbiI6IjIifQ==",
          "dependencies": [
            "module.eks.aws_security_group.cluster",
            "module.eks.aws_security_group.node",
            "module.vpc.aws_vpc.this"
          ],
          "create_before_destroy": true
        },
        {
          "index_key": "ingress_self_coredns_udp",
          "schema_version": 2,
          "attributes": {
            "cidr_blocks": null,
            "description": "Node to node CoreDNS",
            "from_port": 53,
            "id": "sgrule-1861114641",
            "ipv6_cidr_blocks": null,
            "prefix_list_ids": [],
            "protocol": "udp",
            "security_group_id": "sg-059ee6b00c7b1bde1",
            "security_group_rule_id": "sgr-095ad2949d2e0e9a8",
            "self": true,
            "source_security_group_id": null,
            "timeouts": null,
            "to_port": 53,
            "type": "ingress"
          },
          "sensitive_attributes": [],
          "private": "eyJlMmJmYjczMC1lY2FhLTExZTYtOGY4OC0zNDM2M2JjN2M0YzAiOnsiY3JlYXRlIjozMDAwMDAwMDAwMDB9LCJzY2hlbWFfdmVyc2lvbiI6IjIifQ==",
          "dependencies": [
            "module.eks.aws_security_group.cluster",
            "module.eks.aws_security_group.node",
            "module.vpc.aws_vpc.this"
          ],
          "create_before_destroy": true
        }
      ]
    },
    {
      "module": "module.eks.module.eks_managed_node_group[\"green\"]",
      "mode": "data",
      "type": "aws_caller_identity",
      "name": "current",
      "provider": "provider[\"registry.terraform.io/hashicorp/aws\"]",
      "instances": [
        {
          "schema_version": 0,
          "attributes": {
            "account_id": "405632504902",
            "arn": "arn:aws:iam::405632504902:root",
            "id": "405632504902",
            "user_id": "405632504902"
          },
          "sensitive_attributes": []
        }
      ]
    },
    {
      "module": "module.eks.module.eks_managed_node_group[\"green\"]",
      "mode": "data",
      "type": "aws_iam_policy_document",
      "name": "assume_role_policy",
      "provider": "provider[\"registry.terraform.io/hashicorp/aws\"]",
      "instances": [
        {
          "index_key": 0,
          "schema_version": 0,
          "attributes": {
            "id": "2560088296",
            "json": "{\n  \"Version\": \"2012-10-17\",\n  \"Statement\": [\n    {\n      \"Sid\": \"EKSNodeAssumeRole\",\n      \"Effect\": \"Allow\",\n      \"Action\": \"sts:AssumeRole\",\n      \"Principal\": {\n        \"Service\": \"ec2.amazonaws.com\"\n      }\n    }\n  ]\n}",
            "override_policy_documents": null,
            "policy_id": null,
            "source_policy_documents": null,
            "statement": [
              {
                "actions": [
                  "sts:AssumeRole"
                ],
                "condition": [],
                "effect": "Allow",
                "not_actions": [],
                "not_principals": [],
                "not_resources": [],
                "principals": [
                  {
                    "identifiers": [
                      "ec2.amazonaws.com"
                    ],
                    "type": "Service"
                  }
                ],
                "resources": [],
                "sid": "EKSNodeAssumeRole"
              }
            ],
            "version": "2012-10-17"
          },
          "sensitive_attributes": []
        }
      ]
    },
    {
      "module": "module.eks.module.eks_managed_node_group[\"green\"]",
      "mode": "data",
      "type": "aws_partition",
      "name": "current",
      "provider": "provider[\"registry.terraform.io/hashicorp/aws\"]",
      "instances": [
        {
          "schema_version": 0,
          "attributes": {
            "dns_suffix": "amazonaws.com",
            "id": "aws",
            "partition": "aws",
            "reverse_dns_prefix": "com.amazonaws"
          },
          "sensitive_attributes": []
        }
      ]
    },
    {
      "module": "module.eks.module.eks_managed_node_group[\"green\"]",
      "mode": "managed",
      "type": "aws_eks_node_group",
      "name": "this",
      "provider": "provider[\"registry.terraform.io/hashicorp/aws\"]",
      "instances": [
        {
          "index_key": 0,
          "schema_version": 0,
          "attributes": {
            "ami_type": "AL2_x86_64",
            "arn": "arn:aws:eks:us-west-1:405632504902:nodegroup/production/green-2023072322540563880000000f/bec4c27a-e10d-223f-66f8-a0f7255e591b",
            "capacity_type": "SPOT",
            "cluster_name": "production",
            "disk_size": 0,
            "force_update_version": null,
            "id": "production:green-2023072322540563880000000f",
            "instance_types": [
              "m5.large"
            ],
            "labels": null,
            "launch_template": [
              {
                "id": "lt-0a9e29bb56fbcef05",
                "name": "green-2023072322540365210000000d",
                "version": "1"
              }
            ],
            "node_group_name": "green-2023072322540563880000000f",
            "node_group_name_prefix": "green-",
            "node_role_arn": "arn:aws:iam::405632504902:role/green-eks-node-group-20230723224535649100000001",
            "release_version": "1.27.3-20230711",
            "remote_access": [],
            "resources": [
              {
                "autoscaling_groups": [
                  {
                    "name": "eks-green-2023072322540563880000000f-bec4c27a-e10d-223f-66f8-a0f7255e591b"
                  }
                ],
                "remote_access_security_group_id": ""
              }
            ],
            "scaling_config": [
              {
                "desired_size": 1,
                "max_size": 1,
                "min_size": 1
              }
            ],
            "status": "ACTIVE",
            "subnet_ids": [
              "subnet-04c470a873626f6c6",
              "subnet-08c205c94e994ad77"
            ],
            "tags": {
              "Name": "green"
            },
            "tags_all": {
              "Name": "green"
            },
            "taint": [],
            "timeouts": {
              "create": null,
              "delete": null,
              "update": null
            },
            "update_config": [
              {
                "max_unavailable": 1,
                "max_unavailable_percentage": 0
              }
            ],
            "version": "1.27"
          },
          "sensitive_attributes": [],
          "private": "eyJlMmJmYjczMC1lY2FhLTExZTYtOGY4OC0zNDM2M2JjN2M0YzAiOnsiY3JlYXRlIjozNjAwMDAwMDAwMDAwLCJkZWxldGUiOjM2MDAwMDAwMDAwMDAsInVwZGF0ZSI6MzYwMDAwMDAwMDAwMH19",
          "dependencies": [
            "module.eks.aws_cloudwatch_log_group.this",
            "module.eks.aws_eks_cluster.this",
            "module.eks.aws_iam_role.this",
            "module.eks.aws_iam_role_policy_attachment.this",
            "module.eks.aws_security_group.cluster",
            "module.eks.aws_security_group.node",
            "module.eks.aws_security_group_rule.cluster",
            "module.eks.aws_security_group_rule.node",
            "module.eks.data.aws_iam_policy_document.assume_role_policy",
            "module.eks.data.aws_partition.current",
            "module.eks.module.eks_managed_node_group.aws_iam_role.this",
            "module.eks.module.eks_managed_node_group.aws_iam_role_policy_attachment.this",
            "module.eks.module.eks_managed_node_group.aws_launch_template.this",
            "module.eks.module.eks_managed_node_group.aws_security_group.this",
            "module.eks.module.eks_managed_node_group.aws_security_group_rule.this",
            "module.eks.module.eks_managed_node_group.data.aws_caller_identity.current",
            "module.eks.module.eks_managed_node_group.data.aws_iam_policy_document.assume_role_policy",
            "module.eks.module.eks_managed_node_group.data.aws_partition.current",
            "module.eks.module.eks_managed_node_group.module.user_data.data.cloudinit_config.linux_eks_managed_node_group",
            "module.eks.module.kms.aws_kms_external_key.this",
            "module.eks.module.kms.aws_kms_key.this",
            "module.vpc.aws_subnet.private",
            "module.vpc.aws_vpc.this",
            "module.vpc.aws_vpc_ipv4_cidr_block_association.this"
          ],
          "create_before_destroy": true
        }
      ]
    },
    {
      "module": "module.eks.module.eks_managed_node_group[\"green\"]",
      "mode": "managed",
      "type": "aws_iam_role",
      "name": "this",
      "provider": "provider[\"registry.terraform.io/hashicorp/aws\"]",
      "instances": [
        {
          "index_key": 0,
          "schema_version": 0,
          "attributes": {
            "arn": "arn:aws:iam::405632504902:role/green-eks-node-group-20230723224535649100000001",
            "assume_role_policy": "{\"Statement\":[{\"Action\":\"sts:AssumeRole\",\"Effect\":\"Allow\",\"Principal\":{\"Service\":\"ec2.amazonaws.com\"},\"Sid\":\"EKSNodeAssumeRole\"}],\"Version\":\"2012-10-17\"}",
            "create_date": "2023-07-23T22:45:36Z",
            "description": "EKS managed node group IAM role",
            "force_detach_policies": true,
            "id": "green-eks-node-group-20230723224535649100000001",
            "inline_policy": [],
            "managed_policy_arns": [],
            "max_session_duration": 3600,
            "name": "green-eks-node-group-20230723224535649100000001",
            "name_prefix": "green-eks-node-group-",
            "path": "/",
            "permissions_boundary": null,
            "tags": null,
            "tags_all": {},
            "unique_id": "AROAV44MU2RDDEYAEKJRZ"
          },
          "sensitive_attributes": [],
          "private": "bnVsbA==",
          "dependencies": [
            "module.eks.module.eks_managed_node_group.data.aws_iam_policy_document.assume_role_policy"
          ],
          "create_before_destroy": true
        }
      ]
    },
    {
      "module": "module.eks.module.eks_managed_node_group[\"green\"]",
      "mode": "managed",
      "type": "aws_iam_role_policy_attachment",
      "name": "this",
      "provider": "provider[\"registry.terraform.io/hashicorp/aws\"]",
      "instances": [
        {
          "index_key": "arn:aws:iam::aws:policy/AmazonEC2ContainerRegistryReadOnly",
          "schema_version": 0,
          "attributes": {
            "id": "green-eks-node-group-20230723224535649100000001-20230723224537784200000005",
            "policy_arn": "arn:aws:iam::aws:policy/AmazonEC2ContainerRegistryReadOnly",
            "role": "green-eks-node-group-20230723224535649100000001"
          },
          "sensitive_attributes": [],
          "private": "bnVsbA==",
          "dependencies": [
            "module.eks.module.eks_managed_node_group.aws_iam_role.this",
            "module.eks.module.eks_managed_node_group.data.aws_caller_identity.current",
            "module.eks.module.eks_managed_node_group.data.aws_iam_policy_document.assume_role_policy",
            "module.eks.module.eks_managed_node_group.data.aws_partition.current"
          ],
          "create_before_destroy": true
        },
        {
          "index_key": "arn:aws:iam::aws:policy/AmazonEKSWorkerNodePolicy",
          "schema_version": 0,
          "attributes": {
            "id": "green-eks-node-group-20230723224535649100000001-20230723224537486600000003",
            "policy_arn": "arn:aws:iam::aws:policy/AmazonEKSWorkerNodePolicy",
            "role": "green-eks-node-group-20230723224535649100000001"
          },
          "sensitive_attributes": [],
          "private": "bnVsbA==",
          "dependencies": [
            "module.eks.module.eks_managed_node_group.aws_iam_role.this",
            "module.eks.module.eks_managed_node_group.data.aws_caller_identity.current",
            "module.eks.module.eks_managed_node_group.data.aws_iam_policy_document.assume_role_policy",
            "module.eks.module.eks_managed_node_group.data.aws_partition.current"
          ],
          "create_before_destroy": true
        },
        {
          "index_key": "arn:aws:iam::aws:policy/AmazonEKS_CNI_Policy",
          "schema_version": 0,
          "attributes": {
            "id": "green-eks-node-group-20230723224535649100000001-20230723224537269300000002",
            "policy_arn": "arn:aws:iam::aws:policy/AmazonEKS_CNI_Policy",
            "role": "green-eks-node-group-20230723224535649100000001"
          },
          "sensitive_attributes": [],
          "private": "bnVsbA==",
          "dependencies": [
            "module.eks.module.eks_managed_node_group.aws_iam_role.this",
            "module.eks.module.eks_managed_node_group.data.aws_caller_identity.current",
            "module.eks.module.eks_managed_node_group.data.aws_iam_policy_document.assume_role_policy",
            "module.eks.module.eks_managed_node_group.data.aws_partition.current"
          ],
          "create_before_destroy": true
        }
      ]
    },
    {
      "module": "module.eks.module.eks_managed_node_group[\"green\"]",
      "mode": "managed",
      "type": "aws_launch_template",
      "name": "this",
      "provider": "provider[\"registry.terraform.io/hashicorp/aws\"]",
      "instances": [
        {
          "index_key": 0,
          "schema_version": 0,
          "attributes": {
            "arn": "arn:aws:ec2:us-west-1:405632504902:launch-template/lt-0a9e29bb56fbcef05",
            "block_device_mappings": [],
            "capacity_reservation_specification": [],
            "cpu_options": [],
            "credit_specification": [],
            "default_version": 1,
            "description": "Custom launch template for green EKS managed node group",
            "disable_api_stop": false,
            "disable_api_termination": false,
            "ebs_optimized": "",
            "elastic_gpu_specifications": [],
            "elastic_inference_accelerator": [],
            "enclave_options": [],
            "hibernation_options": [],
            "iam_instance_profile": [],
            "id": "lt-0a9e29bb56fbcef05",
            "image_id": "",
            "instance_initiated_shutdown_behavior": "",
            "instance_market_options": [],
            "instance_requirements": [],
            "instance_type": "",
            "kernel_id": "",
            "key_name": "",
            "latest_version": 1,
            "license_specification": [],
            "maintenance_options": [],
            "metadata_options": [
              {
                "http_endpoint": "enabled",
                "http_protocol_ipv6": "",
                "http_put_response_hop_limit": 2,
                "http_tokens": "required",
                "instance_metadata_tags": ""
              }
            ],
            "monitoring": [
              {
                "enabled": true
              }
            ],
            "name": "green-2023072322540365210000000d",
            "name_prefix": "green-",
            "network_interfaces": [],
            "placement": [],
            "private_dns_name_options": [],
            "ram_disk_id": "",
            "security_group_names": null,
            "tag_specifications": [
              {
                "resource_type": "instance",
                "tags": {
                  "Name": "green"
                }
              },
              {
                "resource_type": "network-interface",
                "tags": {
                  "Name": "green"
                }
              },
              {
                "resource_type": "volume",
                "tags": {
                  "Name": "green"
                }
              }
            ],
            "tags": null,
            "tags_all": {},
            "update_default_version": true,
            "user_data": "",
            "vpc_security_group_ids": [
              "sg-052c61aff290d62ea",
              "sg-059ee6b00c7b1bde1"
            ]
          },
          "sensitive_attributes": [],
          "private": "bnVsbA==",
          "dependencies": [
            "module.eks.aws_cloudwatch_log_group.this",
            "module.eks.aws_eks_cluster.this",
            "module.eks.aws_iam_role.this",
            "module.eks.aws_iam_role_policy_attachment.this",
            "module.eks.aws_security_group.cluster",
            "module.eks.aws_security_group.node",
            "module.eks.aws_security_group_rule.cluster",
            "module.eks.aws_security_group_rule.node",
            "module.eks.data.aws_iam_policy_document.assume_role_policy",
            "module.eks.data.aws_partition.current",
            "module.eks.module.eks_managed_node_group.aws_iam_role.this",
            "module.eks.module.eks_managed_node_group.aws_iam_role_policy_attachment.this",
            "module.eks.module.eks_managed_node_group.aws_security_group.this",
            "module.eks.module.eks_managed_node_group.aws_security_group_rule.this",
            "module.eks.module.eks_managed_node_group.data.aws_caller_identity.current",
            "module.eks.module.eks_managed_node_group.data.aws_iam_policy_document.assume_role_policy",
            "module.eks.module.eks_managed_node_group.data.aws_partition.current",
            "module.eks.module.eks_managed_node_group.module.user_data.data.cloudinit_config.linux_eks_managed_node_group",
            "module.eks.module.kms.aws_kms_external_key.this",
            "module.eks.module.kms.aws_kms_key.this",
            "module.vpc.aws_subnet.private",
            "module.vpc.aws_vpc.this",
            "module.vpc.aws_vpc_ipv4_cidr_block_association.this"
          ],
          "create_before_destroy": true
        }
      ]
    },
    {
      "module": "module.eks.module.eks_managed_node_group[\"green\"]",
      "mode": "managed",
      "type": "aws_security_group",
      "name": "this",
      "provider": "provider[\"registry.terraform.io/hashicorp/aws\"]",
      "instances": [
        {
          "index_key": 0,
          "schema_version": 1,
          "attributes": {
            "arn": "arn:aws:ec2:us-west-1:405632504902:security-group/sg-052c61aff290d62ea",
            "description": "EKS managed node group security group",
            "egress": [],
            "id": "sg-052c61aff290d62ea",
            "ingress": [],
            "name": "green-eks-node-group-2023072322455253370000000a",
            "name_prefix": "green-eks-node-group-",
            "owner_id": "405632504902",
            "revoke_rules_on_delete": false,
            "tags": {
              "Name": "green-eks-node-group"
            },
            "tags_all": {
              "Name": "green-eks-node-group"
            },
            "timeouts": null,
            "vpc_id": "vpc-044899f1ac4045433"
          },
          "sensitive_attributes": [],
          "private": "eyJlMmJmYjczMC1lY2FhLTExZTYtOGY4OC0zNDM2M2JjN2M0YzAiOnsiY3JlYXRlIjo2MDAwMDAwMDAwMDAsImRlbGV0ZSI6OTAwMDAwMDAwMDAwfSwic2NoZW1hX3ZlcnNpb24iOiIxIn0=",
          "dependencies": [
            "module.vpc.aws_vpc.this"
          ],
          "create_before_destroy": true
        }
      ]
    },
    {
      "module": "module.eks.module.kms",
      "mode": "data",
      "type": "aws_caller_identity",
      "name": "current",
      "provider": "provider[\"registry.terraform.io/hashicorp/aws\"]",
      "instances": [
        {
          "schema_version": 0,
          "attributes": {
            "account_id": "405632504902",
            "arn": "arn:aws:iam::405632504902:root",
            "id": "405632504902",
            "user_id": "405632504902"
          },
          "sensitive_attributes": []
        }
      ]
    },
    {
      "module": "module.eks.module.kms",
      "mode": "data",
      "type": "aws_partition",
      "name": "current",
      "provider": "provider[\"registry.terraform.io/hashicorp/aws\"]",
      "instances": [
        {
          "schema_version": 0,
          "attributes": {
            "dns_suffix": "amazonaws.com",
            "id": "aws",
            "partition": "aws",
            "reverse_dns_prefix": "com.amazonaws"
          },
          "sensitive_attributes": []
        }
      ]
    },
    {
      "module": "module.vpc",
      "mode": "managed",
      "type": "aws_default_network_acl",
      "name": "this",
      "provider": "provider[\"registry.terraform.io/hashicorp/aws\"]",
      "instances": [
        {
          "index_key": 0,
          "schema_version": 0,
          "attributes": {
            "arn": "arn:aws:ec2:us-west-1:405632504902:network-acl/acl-09bf7d09e108fb9bc",
            "default_network_acl_id": "acl-09bf7d09e108fb9bc",
            "egress": [
              {
                "action": "allow",
                "cidr_block": "",
                "from_port": 0,
                "icmp_code": null,
                "icmp_type": null,
                "ipv6_cidr_block": "::/0",
                "protocol": "-1",
                "rule_no": 101,
                "to_port": 0
              },
              {
                "action": "allow",
                "cidr_block": "0.0.0.0/0",
                "from_port": 0,
                "icmp_code": null,
                "icmp_type": null,
                "ipv6_cidr_block": "",
                "protocol": "-1",
                "rule_no": 100,
                "to_port": 0
              }
            ],
            "id": "acl-09bf7d09e108fb9bc",
            "ingress": [
              {
                "action": "allow",
                "cidr_block": "",
                "from_port": 0,
                "icmp_code": null,
                "icmp_type": null,
                "ipv6_cidr_block": "::/0",
                "protocol": "-1",
                "rule_no": 101,
                "to_port": 0
              },
              {
                "action": "allow",
                "cidr_block": "0.0.0.0/0",
                "from_port": 0,
                "icmp_code": null,
                "icmp_type": null,
                "ipv6_cidr_block": "",
                "protocol": "-1",
                "rule_no": 100,
                "to_port": 0
              }
            ],
            "owner_id": "405632504902",
            "subnet_ids": [
              "subnet-04c470a873626f6c6",
              "subnet-05d074d387a79bf56",
              "subnet-07b9c9a26124644f3",
              "subnet-08c205c94e994ad77"
            ],
            "tags": {
              "Environment": "marfeel",
              "Name": "marfeel-vpc-production-default",
              "Terraform": "true"
            },
            "tags_all": {
              "Environment": "marfeel",
              "Name": "marfeel-vpc-production-default",
              "Terraform": "true"
            },
            "vpc_id": "vpc-044899f1ac4045433"
          },
          "sensitive_attributes": [],
          "private": "bnVsbA==",
          "dependencies": [
            "module.vpc.aws_vpc.this"
          ]
        }
      ]
    },
    {
      "module": "module.vpc",
      "mode": "managed",
      "type": "aws_default_route_table",
      "name": "default",
      "provider": "provider[\"registry.terraform.io/hashicorp/aws\"]",
      "instances": [
        {
          "index_key": 0,
          "schema_version": 0,
          "attributes": {
            "arn": "arn:aws:ec2:us-west-1:405632504902:route-table/rtb-0741c1b694d2ec032",
            "default_route_table_id": "rtb-0741c1b694d2ec032",
            "id": "rtb-0741c1b694d2ec032",
            "owner_id": "405632504902",
            "propagating_vgws": null,
            "route": [],
            "tags": {
              "Environment": "marfeel",
              "Name": "marfeel-vpc-production-default",
              "Terraform": "true"
            },
            "tags_all": {
              "Environment": "marfeel",
              "Name": "marfeel-vpc-production-default",
              "Terraform": "true"
            },
            "timeouts": {
              "create": "5m",
              "update": "5m"
            },
            "vpc_id": "vpc-044899f1ac4045433"
          },
          "sensitive_attributes": [],
          "private": "eyJlMmJmYjczMC1lY2FhLTExZTYtOGY4OC0zNDM2M2JjN2M0YzAiOnsiY3JlYXRlIjozMDAwMDAwMDAwMDAsInVwZGF0ZSI6MzAwMDAwMDAwMDAwfX0=",
          "dependencies": [
            "module.vpc.aws_vpc.this"
          ]
        }
      ]
    },
    {
      "module": "module.vpc",
      "mode": "managed",
      "type": "aws_default_security_group",
      "name": "this",
      "provider": "provider[\"registry.terraform.io/hashicorp/aws\"]",
      "instances": [
        {
          "index_key": 0,
          "schema_version": 1,
          "attributes": {
            "arn": "arn:aws:ec2:us-west-1:405632504902:security-group/sg-0a92893b8090c8c53",
            "description": "default VPC security group",
            "egress": [],
            "id": "sg-0a92893b8090c8c53",
            "ingress": [],
            "name": "default",
            "name_prefix": "",
            "owner_id": "405632504902",
            "revoke_rules_on_delete": false,
            "tags": {
              "Environment": "marfeel",
              "Name": "marfeel-vpc-production-default",
              "Terraform": "true"
            },
            "tags_all": {
              "Environment": "marfeel",
              "Name": "marfeel-vpc-production-default",
              "Terraform": "true"
            },
            "vpc_id": "vpc-044899f1ac4045433"
          },
          "sensitive_attributes": [],
          "private": "eyJzY2hlbWFfdmVyc2lvbiI6IjEifQ==",
          "dependencies": [
            "module.vpc.aws_vpc.this"
          ]
        }
      ]
    },
    {
      "module": "module.vpc",
      "mode": "managed",
      "type": "aws_eip",
      "name": "nat",
      "provider": "provider[\"registry.terraform.io/hashicorp/aws\"]",
      "instances": [
        {
          "index_key": 0,
          "schema_version": 0,
          "attributes": {
            "address": null,
            "allocation_id": "eipalloc-04dff4f06a05ecca3",
            "associate_with_private_ip": null,
            "association_id": "",
            "carrier_ip": "",
            "customer_owned_ip": "",
            "customer_owned_ipv4_pool": "",
            "domain": "vpc",
            "id": "eipalloc-04dff4f06a05ecca3",
            "instance": "",
            "network_border_group": "us-west-1",
            "network_interface": "",
            "private_dns": null,
            "private_ip": "",
            "public_dns": "ec2-54-177-222-116.us-west-1.compute.amazonaws.com",
            "public_ip": "54.177.222.116",
            "public_ipv4_pool": "amazon",
            "tags": {
              "Environment": "marfeel",
              "Name": "marfeel-vpc-production-us-west-1a",
              "Terraform": "true"
            },
            "tags_all": {
              "Environment": "marfeel",
              "Name": "marfeel-vpc-production-us-west-1a",
              "Terraform": "true"
            },
            "timeouts": null,
            "vpc": true
          },
          "sensitive_attributes": [],
          "private": "eyJlMmJmYjczMC1lY2FhLTExZTYtOGY4OC0zNDM2M2JjN2M0YzAiOnsiZGVsZXRlIjoxODAwMDAwMDAwMDAsInJlYWQiOjkwMDAwMDAwMDAwMCwidXBkYXRlIjozMDAwMDAwMDAwMDB9fQ==",
          "dependencies": [
            "module.vpc.aws_internet_gateway.this",
            "module.vpc.aws_vpc.this",
            "module.vpc.aws_vpc_ipv4_cidr_block_association.this"
          ]
        },
        {
          "index_key": 1,
          "schema_version": 0,
          "attributes": {
            "address": null,
            "allocation_id": "eipalloc-02a7ef9a0262799f2",
            "associate_with_private_ip": null,
            "association_id": "",
            "carrier_ip": "",
            "customer_owned_ip": "",
            "customer_owned_ipv4_pool": "",
            "domain": "vpc",
            "id": "eipalloc-02a7ef9a0262799f2",
            "instance": "",
            "network_border_group": "us-west-1",
            "network_interface": "",
            "private_dns": null,
            "private_ip": "",
            "public_dns": "ec2-52-8-122-165.us-west-1.compute.amazonaws.com",
            "public_ip": "52.8.122.165",
            "public_ipv4_pool": "amazon",
            "tags": {
              "Environment": "marfeel",
              "Name": "marfeel-vpc-production-us-west-1b",
              "Terraform": "true"
            },
            "tags_all": {
              "Environment": "marfeel",
              "Name": "marfeel-vpc-production-us-west-1b",
              "Terraform": "true"
            },
            "timeouts": null,
            "vpc": true
          },
          "sensitive_attributes": [],
          "private": "eyJlMmJmYjczMC1lY2FhLTExZTYtOGY4OC0zNDM2M2JjN2M0YzAiOnsiZGVsZXRlIjoxODAwMDAwMDAwMDAsInJlYWQiOjkwMDAwMDAwMDAwMCwidXBkYXRlIjozMDAwMDAwMDAwMDB9fQ==",
          "dependencies": [
            "module.vpc.aws_internet_gateway.this",
            "module.vpc.aws_vpc.this",
            "module.vpc.aws_vpc_ipv4_cidr_block_association.this"
          ]
        }
      ]
    },
    {
      "module": "module.vpc",
      "mode": "managed",
      "type": "aws_internet_gateway",
      "name": "this",
      "provider": "provider[\"registry.terraform.io/hashicorp/aws\"]",
      "instances": [
        {
          "index_key": 0,
          "schema_version": 0,
          "attributes": {
            "arn": "arn:aws:ec2:us-west-1:405632504902:internet-gateway/igw-0a0db307317049ef9",
            "id": "igw-0a0db307317049ef9",
            "owner_id": "405632504902",
            "tags": {
              "Environment": "marfeel",
              "Name": "marfeel-vpc-production",
              "Terraform": "true"
            },
            "tags_all": {
              "Environment": "marfeel",
              "Name": "marfeel-vpc-production",
              "Terraform": "true"
            },
            "timeouts": null,
            "vpc_id": "vpc-044899f1ac4045433"
          },
          "sensitive_attributes": [],
          "private": "eyJlMmJmYjczMC1lY2FhLTExZTYtOGY4OC0zNDM2M2JjN2M0YzAiOnsiY3JlYXRlIjoxMjAwMDAwMDAwMDAwLCJkZWxldGUiOjEyMDAwMDAwMDAwMDAsInVwZGF0ZSI6MTIwMDAwMDAwMDAwMH19",
          "dependencies": [
            "module.vpc.aws_vpc.this",
            "module.vpc.aws_vpc_ipv4_cidr_block_association.this"
          ]
        }
      ]
    },
    {
      "module": "module.vpc",
      "mode": "managed",
      "type": "aws_nat_gateway",
      "name": "this",
      "provider": "provider[\"registry.terraform.io/hashicorp/aws\"]",
      "instances": [
        {
          "index_key": 0,
          "schema_version": 0,
          "attributes": {
            "allocation_id": "eipalloc-04dff4f06a05ecca3",
            "association_id": "eipassoc-02c94d5d0a73b0f9d",
            "connectivity_type": "public",
            "id": "nat-07b7e2f12d38b6c8d",
            "network_interface_id": "eni-0597b17d970ecae1c",
            "private_ip": "10.0.101.16",
            "public_ip": "54.177.222.116",
            "subnet_id": "subnet-07b9c9a26124644f3",
            "tags": {
              "Environment": "marfeel",
              "Name": "marfeel-vpc-production-us-west-1a",
              "Terraform": "true"
            },
            "tags_all": {
              "Environment": "marfeel",
              "Name": "marfeel-vpc-production-us-west-1a",
              "Terraform": "true"
            }
          },
          "sensitive_attributes": [],
          "private": "bnVsbA==",
          "dependencies": [
            "module.vpc.aws_eip.nat",
            "module.vpc.aws_internet_gateway.this",
            "module.vpc.aws_subnet.public",
            "module.vpc.aws_vpc.this",
            "module.vpc.aws_vpc_ipv4_cidr_block_association.this"
          ]
        },
        {
          "index_key": 1,
          "schema_version": 0,
          "attributes": {
            "allocation_id": "eipalloc-02a7ef9a0262799f2",
            "association_id": "eipassoc-03037510ba5a8a7ae",
            "connectivity_type": "public",
            "id": "nat-00336c698fed67f68",
            "network_interface_id": "eni-0f8729f36c098fb89",
            "private_ip": "10.0.102.194",
            "public_ip": "52.8.122.165",
            "subnet_id": "subnet-05d074d387a79bf56",
            "tags": {
              "Environment": "marfeel",
              "Name": "marfeel-vpc-production-us-west-1b",
              "Terraform": "true"
            },
            "tags_all": {
              "Environment": "marfeel",
              "Name": "marfeel-vpc-production-us-west-1b",
              "Terraform": "true"
            }
          },
          "sensitive_attributes": [],
          "private": "bnVsbA==",
          "dependencies": [
            "module.vpc.aws_eip.nat",
            "module.vpc.aws_internet_gateway.this",
            "module.vpc.aws_subnet.public",
            "module.vpc.aws_vpc.this",
            "module.vpc.aws_vpc_ipv4_cidr_block_association.this"
          ]
        }
      ]
    },
    {
      "module": "module.vpc",
      "mode": "managed",
      "type": "aws_route",
      "name": "private_nat_gateway",
      "provider": "provider[\"registry.terraform.io/hashicorp/aws\"]",
      "instances": [
        {
          "index_key": 0,
          "schema_version": 0,
          "attributes": {
            "carrier_gateway_id": "",
            "core_network_arn": "",
            "destination_cidr_block": "0.0.0.0/0",
            "destination_ipv6_cidr_block": "",
            "destination_prefix_list_id": "",
            "egress_only_gateway_id": "",
            "gateway_id": "",
            "id": "r-rtb-057449cb4acdf7d091080289494",
            "instance_id": "",
            "instance_owner_id": "",
            "local_gateway_id": "",
            "nat_gateway_id": "nat-07b7e2f12d38b6c8d",
            "network_interface_id": "",
            "origin": "CreateRoute",
            "route_table_id": "rtb-057449cb4acdf7d09",
            "state": "active",
            "timeouts": {
              "create": "5m",
              "delete": null,
              "update": null
            },
            "transit_gateway_id": "",
            "vpc_endpoint_id": "",
            "vpc_peering_connection_id": ""
          },
          "sensitive_attributes": [],
          "private": "eyJlMmJmYjczMC1lY2FhLTExZTYtOGY4OC0zNDM2M2JjN2M0YzAiOnsiY3JlYXRlIjozMDAwMDAwMDAwMDAsImRlbGV0ZSI6MzAwMDAwMDAwMDAwLCJ1cGRhdGUiOjEyMDAwMDAwMDAwMH19",
          "dependencies": [
            "module.vpc.aws_eip.nat",
            "module.vpc.aws_internet_gateway.this",
            "module.vpc.aws_nat_gateway.this",
            "module.vpc.aws_route_table.private",
            "module.vpc.aws_subnet.public",
            "module.vpc.aws_vpc.this",
            "module.vpc.aws_vpc_ipv4_cidr_block_association.this"
          ]
        },
        {
          "index_key": 1,
          "schema_version": 0,
          "attributes": {
            "carrier_gateway_id": "",
            "core_network_arn": "",
            "destination_cidr_block": "0.0.0.0/0",
            "destination_ipv6_cidr_block": "",
            "destination_prefix_list_id": "",
            "egress_only_gateway_id": "",
            "gateway_id": "",
            "id": "r-rtb-0703d6c662ac02fea1080289494",
            "instance_id": "",
            "instance_owner_id": "",
            "local_gateway_id": "",
            "nat_gateway_id": "nat-00336c698fed67f68",
            "network_interface_id": "",
            "origin": "CreateRoute",
            "route_table_id": "rtb-0703d6c662ac02fea",
            "state": "active",
            "timeouts": {
              "create": "5m",
              "delete": null,
              "update": null
            },
            "transit_gateway_id": "",
            "vpc_endpoint_id": "",
            "vpc_peering_connection_id": ""
          },
          "sensitive_attributes": [],
          "private": "eyJlMmJmYjczMC1lY2FhLTExZTYtOGY4OC0zNDM2M2JjN2M0YzAiOnsiY3JlYXRlIjozMDAwMDAwMDAwMDAsImRlbGV0ZSI6MzAwMDAwMDAwMDAwLCJ1cGRhdGUiOjEyMDAwMDAwMDAwMH19",
          "dependencies": [
            "module.vpc.aws_eip.nat",
            "module.vpc.aws_internet_gateway.this",
            "module.vpc.aws_nat_gateway.this",
            "module.vpc.aws_route_table.private",
            "module.vpc.aws_subnet.public",
            "module.vpc.aws_vpc.this",
            "module.vpc.aws_vpc_ipv4_cidr_block_association.this"
          ]
        }
      ]
    },
    {
      "module": "module.vpc",
      "mode": "managed",
      "type": "aws_route",
      "name": "public_internet_gateway",
      "provider": "provider[\"registry.terraform.io/hashicorp/aws\"]",
      "instances": [
        {
          "index_key": 0,
          "schema_version": 0,
          "attributes": {
            "carrier_gateway_id": "",
            "core_network_arn": "",
            "destination_cidr_block": "0.0.0.0/0",
            "destination_ipv6_cidr_block": "",
            "destination_prefix_list_id": "",
            "egress_only_gateway_id": "",
            "gateway_id": "igw-0a0db307317049ef9",
            "id": "r-rtb-03926e995243341ab1080289494",
            "instance_id": "",
            "instance_owner_id": "",
            "local_gateway_id": "",
            "nat_gateway_id": "",
            "network_interface_id": "",
            "origin": "CreateRoute",
            "route_table_id": "rtb-03926e995243341ab",
            "state": "active",
            "timeouts": {
              "create": "5m",
              "delete": null,
              "update": null
            },
            "transit_gateway_id": "",
            "vpc_endpoint_id": "",
            "vpc_peering_connection_id": ""
          },
          "sensitive_attributes": [],
          "private": "eyJlMmJmYjczMC1lY2FhLTExZTYtOGY4OC0zNDM2M2JjN2M0YzAiOnsiY3JlYXRlIjozMDAwMDAwMDAwMDAsImRlbGV0ZSI6MzAwMDAwMDAwMDAwLCJ1cGRhdGUiOjEyMDAwMDAwMDAwMH19",
          "dependencies": [
            "module.vpc.aws_internet_gateway.this",
            "module.vpc.aws_route_table.public",
            "module.vpc.aws_vpc.this",
            "module.vpc.aws_vpc_ipv4_cidr_block_association.this"
          ]
        }
      ]
    },
    {
      "module": "module.vpc",
      "mode": "managed",
      "type": "aws_route_table",
      "name": "private",
      "provider": "provider[\"registry.terraform.io/hashicorp/aws\"]",
      "instances": [
        {
          "index_key": 0,
          "schema_version": 0,
          "attributes": {
            "arn": "arn:aws:ec2:us-west-1:405632504902:route-table/rtb-057449cb4acdf7d09",
            "id": "rtb-057449cb4acdf7d09",
            "owner_id": "405632504902",
            "propagating_vgws": [],
            "route": [],
            "tags": {
              "Environment": "marfeel",
              "Name": "marfeel-vpc-production-private-us-west-1a",
              "Terraform": "true"
            },
            "tags_all": {
              "Environment": "marfeel",
              "Name": "marfeel-vpc-production-private-us-west-1a",
              "Terraform": "true"
            },
            "timeouts": null,
            "vpc_id": "vpc-044899f1ac4045433"
          },
          "sensitive_attributes": [],
          "private": "eyJlMmJmYjczMC1lY2FhLTExZTYtOGY4OC0zNDM2M2JjN2M0YzAiOnsiY3JlYXRlIjozMDAwMDAwMDAwMDAsImRlbGV0ZSI6MzAwMDAwMDAwMDAwLCJ1cGRhdGUiOjEyMDAwMDAwMDAwMH19",
          "dependencies": [
            "module.vpc.aws_vpc.this",
            "module.vpc.aws_vpc_ipv4_cidr_block_association.this"
          ]
        },
        {
          "index_key": 1,
          "schema_version": 0,
          "attributes": {
            "arn": "arn:aws:ec2:us-west-1:405632504902:route-table/rtb-0703d6c662ac02fea",
            "id": "rtb-0703d6c662ac02fea",
            "owner_id": "405632504902",
            "propagating_vgws": [],
            "route": [],
            "tags": {
              "Environment": "marfeel",
              "Name": "marfeel-vpc-production-private-us-west-1b",
              "Terraform": "true"
            },
            "tags_all": {
              "Environment": "marfeel",
              "Name": "marfeel-vpc-production-private-us-west-1b",
              "Terraform": "true"
            },
            "timeouts": null,
            "vpc_id": "vpc-044899f1ac4045433"
          },
          "sensitive_attributes": [],
          "private": "eyJlMmJmYjczMC1lY2FhLTExZTYtOGY4OC0zNDM2M2JjN2M0YzAiOnsiY3JlYXRlIjozMDAwMDAwMDAwMDAsImRlbGV0ZSI6MzAwMDAwMDAwMDAwLCJ1cGRhdGUiOjEyMDAwMDAwMDAwMH19",
          "dependencies": [
            "module.vpc.aws_vpc.this",
            "module.vpc.aws_vpc_ipv4_cidr_block_association.this"
          ]
        }
      ]
    },
    {
      "module": "module.vpc",
      "mode": "managed",
      "type": "aws_route_table",
      "name": "public",
      "provider": "provider[\"registry.terraform.io/hashicorp/aws\"]",
      "instances": [
        {
          "index_key": 0,
          "schema_version": 0,
          "attributes": {
            "arn": "arn:aws:ec2:us-west-1:405632504902:route-table/rtb-03926e995243341ab",
            "id": "rtb-03926e995243341ab",
            "owner_id": "405632504902",
            "propagating_vgws": [],
            "route": [],
            "tags": {
              "Environment": "marfeel",
              "Name": "marfeel-vpc-production-public",
              "Terraform": "true"
            },
            "tags_all": {
              "Environment": "marfeel",
              "Name": "marfeel-vpc-production-public",
              "Terraform": "true"
            },
            "timeouts": null,
            "vpc_id": "vpc-044899f1ac4045433"
          },
          "sensitive_attributes": [],
          "private": "eyJlMmJmYjczMC1lY2FhLTExZTYtOGY4OC0zNDM2M2JjN2M0YzAiOnsiY3JlYXRlIjozMDAwMDAwMDAwMDAsImRlbGV0ZSI6MzAwMDAwMDAwMDAwLCJ1cGRhdGUiOjEyMDAwMDAwMDAwMH19",
          "dependencies": [
            "module.vpc.aws_vpc.this",
            "module.vpc.aws_vpc_ipv4_cidr_block_association.this"
          ]
        }
      ]
    },
    {
      "module": "module.vpc",
      "mode": "managed",
      "type": "aws_route_table_association",
      "name": "private",
      "provider": "provider[\"registry.terraform.io/hashicorp/aws\"]",
      "instances": [
        {
          "index_key": 0,
          "schema_version": 0,
          "attributes": {
            "gateway_id": "",
            "id": "rtbassoc-08acf3bd49c952c7e",
            "route_table_id": "rtb-057449cb4acdf7d09",
            "subnet_id": "subnet-04c470a873626f6c6",
            "timeouts": null
          },
          "sensitive_attributes": [],
          "private": "eyJlMmJmYjczMC1lY2FhLTExZTYtOGY4OC0zNDM2M2JjN2M0YzAiOnsiY3JlYXRlIjozMDAwMDAwMDAwMDAsImRlbGV0ZSI6MzAwMDAwMDAwMDAwLCJ1cGRhdGUiOjEyMDAwMDAwMDAwMH19",
          "dependencies": [
            "module.vpc.aws_route_table.private",
            "module.vpc.aws_subnet.private",
            "module.vpc.aws_vpc.this",
            "module.vpc.aws_vpc_ipv4_cidr_block_association.this"
          ]
        },
        {
          "index_key": 1,
          "schema_version": 0,
          "attributes": {
            "gateway_id": "",
            "id": "rtbassoc-0b2465ec78ed25c7c",
            "route_table_id": "rtb-0703d6c662ac02fea",
            "subnet_id": "subnet-08c205c94e994ad77",
            "timeouts": null
          },
          "sensitive_attributes": [],
          "private": "eyJlMmJmYjczMC1lY2FhLTExZTYtOGY4OC0zNDM2M2JjN2M0YzAiOnsiY3JlYXRlIjozMDAwMDAwMDAwMDAsImRlbGV0ZSI6MzAwMDAwMDAwMDAwLCJ1cGRhdGUiOjEyMDAwMDAwMDAwMH19",
          "dependencies": [
            "module.vpc.aws_route_table.private",
            "module.vpc.aws_subnet.private",
            "module.vpc.aws_vpc.this",
            "module.vpc.aws_vpc_ipv4_cidr_block_association.this"
          ]
        }
      ]
    },
    {
      "module": "module.vpc",
      "mode": "managed",
      "type": "aws_route_table_association",
      "name": "public",
      "provider": "provider[\"registry.terraform.io/hashicorp/aws\"]",
      "instances": [
        {
          "index_key": 0,
          "schema_version": 0,
          "attributes": {
            "gateway_id": "",
            "id": "rtbassoc-0023696619fe98921",
            "route_table_id": "rtb-03926e995243341ab",
            "subnet_id": "subnet-07b9c9a26124644f3",
            "timeouts": null
          },
          "sensitive_attributes": [],
          "private": "eyJlMmJmYjczMC1lY2FhLTExZTYtOGY4OC0zNDM2M2JjN2M0YzAiOnsiY3JlYXRlIjozMDAwMDAwMDAwMDAsImRlbGV0ZSI6MzAwMDAwMDAwMDAwLCJ1cGRhdGUiOjEyMDAwMDAwMDAwMH19",
          "dependencies": [
            "module.vpc.aws_route_table.public",
            "module.vpc.aws_subnet.public",
            "module.vpc.aws_vpc.this",
            "module.vpc.aws_vpc_ipv4_cidr_block_association.this"
          ]
        },
        {
          "index_key": 1,
          "schema_version": 0,
          "attributes": {
            "gateway_id": "",
            "id": "rtbassoc-055c570d0a430d11b",
            "route_table_id": "rtb-03926e995243341ab",
            "subnet_id": "subnet-05d074d387a79bf56",
            "timeouts": null
          },
          "sensitive_attributes": [],
          "private": "eyJlMmJmYjczMC1lY2FhLTExZTYtOGY4OC0zNDM2M2JjN2M0YzAiOnsiY3JlYXRlIjozMDAwMDAwMDAwMDAsImRlbGV0ZSI6MzAwMDAwMDAwMDAwLCJ1cGRhdGUiOjEyMDAwMDAwMDAwMH19",
          "dependencies": [
            "module.vpc.aws_route_table.public",
            "module.vpc.aws_subnet.public",
            "module.vpc.aws_vpc.this",
            "module.vpc.aws_vpc_ipv4_cidr_block_association.this"
          ]
        }
      ]
    },
    {
      "module": "module.vpc",
      "mode": "managed",
      "type": "aws_subnet",
      "name": "private",
      "provider": "provider[\"registry.terraform.io/hashicorp/aws\"]",
      "instances": [
        {
          "index_key": 0,
          "schema_version": 1,
          "attributes": {
            "arn": "arn:aws:ec2:us-west-1:405632504902:subnet/subnet-04c470a873626f6c6",
            "assign_ipv6_address_on_creation": false,
            "availability_zone": "us-west-1a",
            "availability_zone_id": "usw1-az3",
            "cidr_block": "10.0.1.0/24",
            "customer_owned_ipv4_pool": "",
            "enable_dns64": false,
            "enable_lni_at_device_index": 0,
            "enable_resource_name_dns_a_record_on_launch": false,
            "enable_resource_name_dns_aaaa_record_on_launch": false,
            "id": "subnet-04c470a873626f6c6",
            "ipv6_cidr_block": "",
            "ipv6_cidr_block_association_id": "",
            "ipv6_native": false,
            "map_customer_owned_ip_on_launch": false,
            "map_public_ip_on_launch": false,
            "outpost_arn": "",
            "owner_id": "405632504902",
            "private_dns_hostname_type_on_launch": "ip-name",
            "tags": {
              "Environment": "marfeel",
              "Name": "marfeel-vpc-production-private-us-west-1a",
              "Terraform": "true"
            },
            "tags_all": {
              "Environment": "marfeel",
              "Name": "marfeel-vpc-production-private-us-west-1a",
              "Terraform": "true"
            },
            "timeouts": null,
            "vpc_id": "vpc-044899f1ac4045433"
          },
          "sensitive_attributes": [],
          "private": "eyJlMmJmYjczMC1lY2FhLTExZTYtOGY4OC0zNDM2M2JjN2M0YzAiOnsiY3JlYXRlIjo2MDAwMDAwMDAwMDAsImRlbGV0ZSI6MTIwMDAwMDAwMDAwMH0sInNjaGVtYV92ZXJzaW9uIjoiMSJ9",
          "dependencies": [
            "module.vpc.aws_vpc.this",
            "module.vpc.aws_vpc_ipv4_cidr_block_association.this"
          ],
          "create_before_destroy": true
        },
        {
          "index_key": 1,
          "schema_version": 1,
          "attributes": {
            "arn": "arn:aws:ec2:us-west-1:405632504902:subnet/subnet-08c205c94e994ad77",
            "assign_ipv6_address_on_creation": false,
            "availability_zone": "us-west-1b",
            "availability_zone_id": "usw1-az1",
            "cidr_block": "10.0.2.0/24",
            "customer_owned_ipv4_pool": "",
            "enable_dns64": false,
            "enable_lni_at_device_index": 0,
            "enable_resource_name_dns_a_record_on_launch": false,
            "enable_resource_name_dns_aaaa_record_on_launch": false,
            "id": "subnet-08c205c94e994ad77",
            "ipv6_cidr_block": "",
            "ipv6_cidr_block_association_id": "",
            "ipv6_native": false,
            "map_customer_owned_ip_on_launch": false,
            "map_public_ip_on_launch": false,
            "outpost_arn": "",
            "owner_id": "405632504902",
            "private_dns_hostname_type_on_launch": "ip-name",
            "tags": {
              "Environment": "marfeel",
              "Name": "marfeel-vpc-production-private-us-west-1b",
              "Terraform": "true"
            },
            "tags_all": {
              "Environment": "marfeel",
              "Name": "marfeel-vpc-production-private-us-west-1b",
              "Terraform": "true"
            },
            "timeouts": null,
            "vpc_id": "vpc-044899f1ac4045433"
          },
          "sensitive_attributes": [],
          "private": "eyJlMmJmYjczMC1lY2FhLTExZTYtOGY4OC0zNDM2M2JjN2M0YzAiOnsiY3JlYXRlIjo2MDAwMDAwMDAwMDAsImRlbGV0ZSI6MTIwMDAwMDAwMDAwMH0sInNjaGVtYV92ZXJzaW9uIjoiMSJ9",
          "dependencies": [
            "module.vpc.aws_vpc.this",
            "module.vpc.aws_vpc_ipv4_cidr_block_association.this"
          ],
          "create_before_destroy": true
        }
      ]
    },
    {
      "module": "module.vpc",
      "mode": "managed",
      "type": "aws_subnet",
      "name": "public",
      "provider": "provider[\"registry.terraform.io/hashicorp/aws\"]",
      "instances": [
        {
          "index_key": 0,
          "schema_version": 1,
          "attributes": {
            "arn": "arn:aws:ec2:us-west-1:405632504902:subnet/subnet-07b9c9a26124644f3",
            "assign_ipv6_address_on_creation": false,
            "availability_zone": "us-west-1a",
            "availability_zone_id": "usw1-az3",
            "cidr_block": "10.0.101.0/24",
            "customer_owned_ipv4_pool": "",
            "enable_dns64": false,
            "enable_lni_at_device_index": 0,
            "enable_resource_name_dns_a_record_on_launch": false,
            "enable_resource_name_dns_aaaa_record_on_launch": false,
            "id": "subnet-07b9c9a26124644f3",
            "ipv6_cidr_block": "",
            "ipv6_cidr_block_association_id": "",
            "ipv6_native": false,
            "map_customer_owned_ip_on_launch": false,
            "map_public_ip_on_launch": false,
            "outpost_arn": "",
            "owner_id": "405632504902",
            "private_dns_hostname_type_on_launch": "ip-name",
            "tags": {
              "Environment": "marfeel",
              "Name": "marfeel-vpc-production-public-us-west-1a",
              "Terraform": "true"
            },
            "tags_all": {
              "Environment": "marfeel",
              "Name": "marfeel-vpc-production-public-us-west-1a",
              "Terraform": "true"
            },
            "timeouts": null,
            "vpc_id": "vpc-044899f1ac4045433"
          },
          "sensitive_attributes": [],
          "private": "eyJlMmJmYjczMC1lY2FhLTExZTYtOGY4OC0zNDM2M2JjN2M0YzAiOnsiY3JlYXRlIjo2MDAwMDAwMDAwMDAsImRlbGV0ZSI6MTIwMDAwMDAwMDAwMH0sInNjaGVtYV92ZXJzaW9uIjoiMSJ9",
          "dependencies": [
            "module.vpc.aws_vpc.this",
            "module.vpc.aws_vpc_ipv4_cidr_block_association.this"
          ]
        },
        {
          "index_key": 1,
          "schema_version": 1,
          "attributes": {
            "arn": "arn:aws:ec2:us-west-1:405632504902:subnet/subnet-05d074d387a79bf56",
            "assign_ipv6_address_on_creation": false,
            "availability_zone": "us-west-1b",
            "availability_zone_id": "usw1-az1",
            "cidr_block": "10.0.102.0/24",
            "customer_owned_ipv4_pool": "",
            "enable_dns64": false,
            "enable_lni_at_device_index": 0,
            "enable_resource_name_dns_a_record_on_launch": false,
            "enable_resource_name_dns_aaaa_record_on_launch": false,
            "id": "subnet-05d074d387a79bf56",
            "ipv6_cidr_block": "",
            "ipv6_cidr_block_association_id": "",
            "ipv6_native": false,
            "map_customer_owned_ip_on_launch": false,
            "map_public_ip_on_launch": false,
            "outpost_arn": "",
            "owner_id": "405632504902",
            "private_dns_hostname_type_on_launch": "ip-name",
            "tags": {
              "Environment": "marfeel",
              "Name": "marfeel-vpc-production-public-us-west-1b",
              "Terraform": "true"
            },
            "tags_all": {
              "Environment": "marfeel",
              "Name": "marfeel-vpc-production-public-us-west-1b",
              "Terraform": "true"
            },
            "timeouts": null,
            "vpc_id": "vpc-044899f1ac4045433"
          },
          "sensitive_attributes": [],
          "private": "eyJlMmJmYjczMC1lY2FhLTExZTYtOGY4OC0zNDM2M2JjN2M0YzAiOnsiY3JlYXRlIjo2MDAwMDAwMDAwMDAsImRlbGV0ZSI6MTIwMDAwMDAwMDAwMH0sInNjaGVtYV92ZXJzaW9uIjoiMSJ9",
          "dependencies": [
            "module.vpc.aws_vpc.this",
            "module.vpc.aws_vpc_ipv4_cidr_block_association.this"
          ]
        }
      ]
    },
    {
      "module": "module.vpc",
      "mode": "managed",
      "type": "aws_vpc",
      "name": "this",
      "provider": "provider[\"registry.terraform.io/hashicorp/aws\"]",
      "instances": [
        {
          "index_key": 0,
          "schema_version": 1,
          "attributes": {
            "arn": "arn:aws:ec2:us-west-1:405632504902:vpc/vpc-044899f1ac4045433",
            "assign_generated_ipv6_cidr_block": false,
            "cidr_block": "10.0.0.0/16",
            "default_network_acl_id": "acl-09bf7d09e108fb9bc",
            "default_route_table_id": "rtb-0741c1b694d2ec032",
            "default_security_group_id": "sg-0a92893b8090c8c53",
            "dhcp_options_id": "dopt-0026f0afe6d5a6f95",
            "enable_dns_hostnames": true,
            "enable_dns_support": true,
            "enable_network_address_usage_metrics": false,
            "id": "vpc-044899f1ac4045433",
            "instance_tenancy": "default",
            "ipv4_ipam_pool_id": null,
            "ipv4_netmask_length": null,
            "ipv6_association_id": "",
            "ipv6_cidr_block": "",
            "ipv6_cidr_block_network_border_group": "",
            "ipv6_ipam_pool_id": "",
            "ipv6_netmask_length": 0,
            "main_route_table_id": "rtb-0741c1b694d2ec032",
            "owner_id": "405632504902",
            "tags": {
              "Environment": "marfeel",
              "Name": "marfeel-vpc-production",
              "Terraform": "true"
            },
            "tags_all": {
              "Environment": "marfeel",
              "Name": "marfeel-vpc-production",
              "Terraform": "true"
            }
          },
          "sensitive_attributes": [],
          "private": "eyJzY2hlbWFfdmVyc2lvbiI6IjEifQ==",
          "create_before_destroy": true
        }
      ]
    }
  ],
  "check_results": null
}
